// !$*UTF8*$!
{
	archiveVersion = 1;
	classes = {
	};
	objectVersion = 56;
	objects = {

/* Begin PBXBuildFile section */
		3B3575DF2993E43B00E46DE9 /* Lottery.swift in Sources */ = {isa = PBXBuildFile; fileRef = 3B3575DE2993E43B00E46DE9 /* Lottery.swift */; };
		3B3575E5299E42D300E46DE9 /* HomeViewModel.swift in Sources */ = {isa = PBXBuildFile; fileRef = 3B3575E4299E42D300E46DE9 /* HomeViewModel.swift */; };
		3B8BAFFB2978C3FD003BD7EE /* recommendNumberApp.swift in Sources */ = {isa = PBXBuildFile; fileRef = 3B8BAFFA2978C3FD003BD7EE /* recommendNumberApp.swift */; };
		3B8BAFFD2978C3FD003BD7EE /* HomeView.swift in Sources */ = {isa = PBXBuildFile; fileRef = 3B8BAFFC2978C3FD003BD7EE /* HomeView.swift */; };
		3B8BAFFF2978C3FE003BD7EE /* Assets.xcassets in Resources */ = {isa = PBXBuildFile; fileRef = 3B8BAFFE2978C3FE003BD7EE /* Assets.xcassets */; };
		3B8BB0022978C3FE003BD7EE /* Preview Assets.xcassets in Resources */ = {isa = PBXBuildFile; fileRef = 3B8BB0012978C3FE003BD7EE /* Preview Assets.xcassets */; };
		3BEDBBDD2989485B00DA5D28 /* README.md in Resources */ = {isa = PBXBuildFile; fileRef = 3BEDBBDC2989485B00DA5D28 /* README.md */; };
/* End PBXBuildFile section */

/* Begin PBXFileReference section */
		3B3575DE2993E43B00E46DE9 /* Lottery.swift */ = {isa = PBXFileReference; lastKnownFileType = sourcecode.swift; path = Lottery.swift; sourceTree = "<group>"; };
		3B3575E4299E42D300E46DE9 /* HomeViewModel.swift */ = {isa = PBXFileReference; lastKnownFileType = sourcecode.swift; path = HomeViewModel.swift; sourceTree = "<group>"; };
		3B8BAFF72978C3FD003BD7EE /* recommendNumber.app */ = {isa = PBXFileReference; explicitFileType = wrapper.application; includeInIndex = 0; path = recommendNumber.app; sourceTree = BUILT_PRODUCTS_DIR; };
		3B8BAFFA2978C3FD003BD7EE /* recommendNumberApp.swift */ = {isa = PBXFileReference; lastKnownFileType = sourcecode.swift; path = recommendNumberApp.swift; sourceTree = "<group>"; };
		3B8BAFFC2978C3FD003BD7EE /* HomeView.swift */ = {isa = PBXFileReference; lastKnownFileType = sourcecode.swift; path = HomeView.swift; sourceTree = "<group>"; };
		3B8BAFFE2978C3FE003BD7EE /* Assets.xcassets */ = {isa = PBXFileReference; lastKnownFileType = folder.assetcatalog; path = Assets.xcassets; sourceTree = "<group>"; };
		3B8BB0012978C3FE003BD7EE /* Preview Assets.xcassets */ = {isa = PBXFileReference; lastKnownFileType = folder.assetcatalog; path = "Preview Assets.xcassets"; sourceTree = "<group>"; };
		3BEDBBDC2989485B00DA5D28 /* README.md */ = {isa = PBXFileReference; fileEncoding = 4; lastKnownFileType = net.daringfireball.markdown; path = README.md; sourceTree = "<group>"; };
/* End PBXFileReference section */

/* Begin PBXFrameworksBuildPhase section */
		3B8BAFF42978C3FD003BD7EE /* Frameworks */ = {
			isa = PBXFrameworksBuildPhase;
			buildActionMask = 2147483647;
			files = (
			);
			runOnlyForDeploymentPostprocessing = 0;
		};
/* End PBXFrameworksBuildPhase section */

/* Begin PBXGroup section */
		3B3575DB2993E36400E46DE9 /* View */ = {
			isa = PBXGroup;
			children = (
				3B8BAFFC2978C3FD003BD7EE /* HomeView.swift */,
			);
			path = View;
			sourceTree = "<group>";
		};
		3B3575DC2993E36A00E46DE9 /* ViewModel */ = {
			isa = PBXGroup;
			children = (
				3B3575E4299E42D300E46DE9 /* HomeViewModel.swift */,
			);
			path = ViewModel;
			sourceTree = "<group>";
		};
		3B3575DD2993E37300E46DE9 /* Model */ = {
			isa = PBXGroup;
			children = (
				3B3575DE2993E43B00E46DE9 /* Lottery.swift */,
			);
			path = Model;
			sourceTree = "<group>";
		};
		3B8BAFEE2978C3FD003BD7EE = {
			isa = PBXGroup;
			children = (
				3BEDBBDC2989485B00DA5D28 /* README.md */,
				3B8BAFF92978C3FD003BD7EE /* recommendNumber */,
				3B8BAFF82978C3FD003BD7EE /* Products */,
			);
			sourceTree = "<group>";
		};
		3B8BAFF82978C3FD003BD7EE /* Products */ = {
			isa = PBXGroup;
			children = (
				3B8BAFF72978C3FD003BD7EE /* recommendNumber.app */,
			);
			name = Products;
			sourceTree = "<group>";
		};
		3B8BAFF92978C3FD003BD7EE /* recommendNumber */ = {
			isa = PBXGroup;
			children = (
				3B8BAFFA2978C3FD003BD7EE /* recommendNumberApp.swift */,
				3B3575DD2993E37300E46DE9 /* Model */,
				3B3575DC2993E36A00E46DE9 /* ViewModel */,
				3B3575DB2993E36400E46DE9 /* View */,
				3B8BAFFE2978C3FE003BD7EE /* Assets.xcassets */,
				3B8BB0002978C3FE003BD7EE /* Preview Content */,
			);
			path = recommendNumber;
			sourceTree = "<group>";
		};
		3B8BB0002978C3FE003BD7EE /* Preview Content */ = {
			isa = PBXGroup;
			children = (
				3B8BB0012978C3FE003BD7EE /* Preview Assets.xcassets */,
			);
			path = "Preview Content";
			sourceTree = "<group>";
		};
/* End PBXGroup section */

/* Begin PBXNativeTarget section */
		3B8BAFF62978C3FD003BD7EE /* recommendNumber */ = {
			isa = PBXNativeTarget;
			buildConfigurationList = 3B8BB0052978C3FE003BD7EE /* Build configuration list for PBXNativeTarget "recommendNumber" */;
			buildPhases = (
				3B8BAFF32978C3FD003BD7EE /* Sources */,
				3B8BAFF42978C3FD003BD7EE /* Frameworks */,
				3B8BAFF52978C3FD003BD7EE /* Resources */,
			);
			buildRules = (
			);
			dependencies = (
			);
			name = recommendNumber;
			productName = recommendNumber;
			productReference = 3B8BAFF72978C3FD003BD7EE /* recommendNumber.app */;
			productType = "com.apple.product-type.application";
		};
/* End PBXNativeTarget section */

/* Begin PBXProject section */
		3B8BAFEF2978C3FD003BD7EE /* Project object */ = {
			isa = PBXProject;
			attributes = {
				BuildIndependentTargetsInParallel = 1;
				LastSwiftUpdateCheck = 1420;
				LastUpgradeCheck = 1420;
				TargetAttributes = {
					3B8BAFF62978C3FD003BD7EE = {
						CreatedOnToolsVersion = 14.2;
					};
				};
			};
			buildConfigurationList = 3B8BAFF22978C3FD003BD7EE /* Build configuration list for PBXProject "recommendNumber" */;
			compatibilityVersion = "Xcode 14.0";
			developmentRegion = en;
			hasScannedForEncodings = 0;
			knownRegions = (
				en,
				Base,
			);
			mainGroup = 3B8BAFEE2978C3FD003BD7EE;
			productRefGroup = 3B8BAFF82978C3FD003BD7EE /* Products */;
			projectDirPath = "";
			projectRoot = "";
			targets = (
				3B8BAFF62978C3FD003BD7EE /* recommendNumber */,
			);
		};
/* End PBXProject section */

/* Begin PBXResourcesBuildPhase section */
		3B8BAFF52978C3FD003BD7EE /* Resources */ = {
			isa = PBXResourcesBuildPhase;
			buildActionMask = 2147483647;
			files = (
				3BEDBBDD2989485B00DA5D28 /* README.md in Resources */,
				3B8BB0022978C3FE003BD7EE /* Preview Assets.xcassets in Resources */,
				3B8BAFFF2978C3FE003BD7EE /* Assets.xcassets in Resources */,
			);
			runOnlyForDeploymentPostprocessing = 0;
		};
/* End PBXResourcesBuildPhase section */

/* Begin PBXSourcesBuildPhase section */
		3B8BAFF32978C3FD003BD7EE /* Sources */ = {
			isa = PBXSourcesBuildPhase;
			buildActionMask = 2147483647;
			files = (
				3B8BAFFD2978C3FD003BD7EE /* HomeView.swift in Sources */,
				3B3575DF2993E43B00E46DE9 /* Lottery.swift in Sources */,
				3B8BAFFB2978C3FD003BD7EE /* recommendNumberApp.swift in Sources */,
				3B3575E5299E42D300E46DE9 /* HomeViewModel.swift in Sources */,
			);
			runOnlyForDeploymentPostprocessing = 0;
		};
/* End PBXSourcesBuildPhase section */

/* Begin XCBuildConfiguration section */
		3B8BB0032978C3FE003BD7EE /* Debug */ = {
			isa = XCBuildConfiguration;
			buildSettings = {
				ALWAYS_SEARCH_USER_PATHS = NO;
				CLANG_ANALYZER_NONNULL = YES;
				CLANG_ANALYZER_NUMBER_OBJECT_CONVERSION = YES_AGGRESSIVE;
				CLANG_CXX_LANGUAGE_STANDARD = "gnu++20";
				CLANG_ENABLE_MODULES = YES;
				CLANG_ENABLE_OBJC_ARC = YES;
				CLANG_ENABLE_OBJC_WEAK = YES;
				CLANG_WARN_BLOCK_CAPTURE_AUTORELEASING = YES;
				CLANG_WARN_BOOL_CONVERSION = YES;
				CLANG_WARN_COMMA = YES;
				CLANG_WARN_CONSTANT_CONVERSION = YES;
				CLANG_WARN_DEPRECATED_OBJC_IMPLEMENTATIONS = YES;
				CLANG_WARN_DIRECT_OBJC_ISA_USAGE = YES_ERROR;
				CLANG_WARN_DOCUMENTATION_COMMENTS = YES;
				CLANG_WARN_EMPTY_BODY = YES;
				CLANG_WARN_ENUM_CONVERSION = YES;
				CLANG_WARN_INFINITE_RECURSION = YES;
				CLANG_WARN_INT_CONVERSION = YES;
				CLANG_WARN_NON_LITERAL_NULL_CONVERSION = YES;
				CLANG_WARN_OBJC_IMPLICIT_RETAIN_SELF = YES;
				CLANG_WARN_OBJC_LITERAL_CONVERSION = YES;
				CLANG_WARN_OBJC_ROOT_CLASS = YES_ERROR;
				CLANG_WARN_QUOTED_INCLUDE_IN_FRAMEWORK_HEADER = YES;
				CLANG_WARN_RANGE_LOOP_ANALYSIS = YES;
				CLANG_WARN_STRICT_PROTOTYPES = YES;
				CLANG_WARN_SUSPICIOUS_MOVE = YES;
				CLANG_WARN_UNGUARDED_AVAILABILITY = YES_AGGRESSIVE;
				CLANG_WARN_UNREACHABLE_CODE = YES;
				CLANG_WARN__DUPLICATE_METHOD_MATCH = YES;
				COPY_PHASE_STRIP = NO;
				DEBUG_INFORMATION_FORMAT = dwarf;
				ENABLE_STRICT_OBJC_MSGSEND = YES;
				ENABLE_TESTABILITY = YES;
				GCC_C_LANGUAGE_STANDARD = gnu11;
				GCC_DYNAMIC_NO_PIC = NO;
				GCC_NO_COMMON_BLOCKS = YES;
				GCC_OPTIMIZATION_LEVEL = 0;
				GCC_PREPROCESSOR_DEFINITIONS = (
					"DEBUG=1",
					"$(inherited)",
				);
				GCC_WARN_64_TO_32_BIT_CONVERSION = YES;
				GCC_WARN_ABOUT_RETURN_TYPE = YES_ERROR;
				GCC_WARN_UNDECLARED_SELECTOR = YES;
				GCC_WARN_UNINITIALIZED_AUTOS = YES_AGGRESSIVE;
				GCC_WARN_UNUSED_FUNCTION = YES;
				GCC_WARN_UNUSED_VARIABLE = YES;
				IPHONEOS_DEPLOYMENT_TARGET = 16.2;
				MTL_ENABLE_DEBUG_INFO = INCLUDE_SOURCE;
				MTL_FAST_MATH = YES;
				ONLY_ACTIVE_ARCH = YES;
				SDKROOT = iphoneos;
				SWIFT_ACTIVE_COMPILATION_CONDITIONS = DEBUG;
				SWIFT_OPTIMIZATION_LEVEL = "-Onone";
			};
			name = Debug;
		};
		3B8BB0042978C3FE003BD7EE /* Release */ = {
			isa = XCBuildConfiguration;
			buildSettings = {
				ALWAYS_SEARCH_USER_PATHS = NO;
				CLANG_ANALYZER_NONNULL = YES;
				CLANG_ANALYZER_NUMBER_OBJECT_CONVERSION = YES_AGGRESSIVE;
				CLANG_CXX_LANGUAGE_STANDARD = "gnu++20";
				CLANG_ENABLE_MODULES = YES;
				CLANG_ENABLE_OBJC_ARC = YES;
				CLANG_ENABLE_OBJC_WEAK = YES;
				CLANG_WARN_BLOCK_CAPTURE_AUTORELEASING = YES;
				CLANG_WARN_BOOL_CONVERSION = YES;
				CLANG_WARN_COMMA = YES;
				CLANG_WARN_CONSTANT_CONVERSION = YES;
				CLANG_WARN_DEPRECATED_OBJC_IMPLEMENTATIONS = YES;
				CLANG_WARN_DIRECT_OBJC_ISA_USAGE = YES_ERROR;
				CLANG_WARN_DOCUMENTATION_COMMENTS = YES;
				CLANG_WARN_EMPTY_BODY = YES;
				CLANG_WARN_ENUM_CONVERSION = YES;
				CLANG_WARN_INFINITE_RECURSION = YES;
				CLANG_WARN_INT_CONVERSION = YES;
				CLANG_WARN_NON_LITERAL_NULL_CONVERSION = YES;
				CLANG_WARN_OBJC_IMPLICIT_RETAIN_SELF = YES;
				CLANG_WARN_OBJC_LITERAL_CONVERSION = YES;
				CLANG_WARN_OBJC_ROOT_CLASS = YES_ERROR;
				CLANG_WARN_QUOTED_INCLUDE_IN_FRAMEWORK_HEADER = YES;
				CLANG_WARN_RANGE_LOOP_ANALYSIS = YES;
				CLANG_WARN_STRICT_PROTOTYPES = YES;
				CLANG_WARN_SUSPICIOUS_MOVE = YES;
				CLANG_WARN_UNGUARDED_AVAILABILITY = YES_AGGRESSIVE;
				CLANG_WARN_UNREACHABLE_CODE = YES;
				CLANG_WARN__DUPLICATE_METHOD_MATCH = YES;
				COPY_PHASE_STRIP = NO;
				DEBUG_INFORMATION_FORMAT = "dwarf-with-dsym";
				ENABLE_NS_ASSERTIONS = NO;
				ENABLE_STRICT_OBJC_MSGSEND = YES;
				GCC_C_LANGUAGE_STANDARD = gnu11;
				GCC_NO_COMMON_BLOCKS = YES;
				GCC_WARN_64_TO_32_BIT_CONVERSION = YES;
				GCC_WARN_ABOUT_RETURN_TYPE = YES_ERROR;
				GCC_WARN_UNDECLARED_SELECTOR = YES;
				GCC_WARN_UNINITIALIZED_AUTOS = YES_AGGRESSIVE;
				GCC_WARN_UNUSED_FUNCTION = YES;
				GCC_WARN_UNUSED_VARIABLE = YES;
				IPHONEOS_DEPLOYMENT_TARGET = 16.2;
				MTL_ENABLE_DEBUG_INFO = NO;
				MTL_FAST_MATH = YES;
				SDKROOT = iphoneos;
				SWIFT_COMPILATION_MODE = wholemodule;
				SWIFT_OPTIMIZATION_LEVEL = "-O";
				VALIDATE_PRODUCT = YES;
			};
			name = Release;
		};
		3B8BB0062978C3FE003BD7EE /* Debug */ = {
			isa = XCBuildConfiguration;
			buildSettings = {
				ASSETCATALOG_COMPILER_APPICON_NAME = AppIcon;
				ASSETCATALOG_COMPILER_GLOBAL_ACCENT_COLOR_NAME = AccentColor;
				CODE_SIGN_STYLE = Automatic;
				CURRENT_PROJECT_VERSION = 1;
				DEVELOPMENT_ASSET_PATHS = "\"recommendNumber/Preview Content\"";
				DEVELOPMENT_TEAM = 77295VQTPM;
				ENABLE_PREVIEWS = YES;
				GENERATE_INFOPLIST_FILE = YES;
				INFOPLIST_KEY_UIApplicationSceneManifest_Generation = YES;
				INFOPLIST_KEY_UIApplicationSupportsIndirectInputEvents = YES;
				INFOPLIST_KEY_UILaunchScreen_Generation = YES;
				INFOPLIST_KEY_UISupportedInterfaceOrientations_iPad = "UIInterfaceOrientationPortrait UIInterfaceOrientationPortraitUpsideDown UIInterfaceOrientationLandscapeLeft UIInterfaceOrientationLandscapeRight";
				INFOPLIST_KEY_UISupportedInterfaceOrientations_iPhone = "UIInterfaceOrientationPortrait UIInterfaceOrientationLandscapeLeft UIInterfaceOrientationLandscapeRight";
				LD_RUNPATH_SEARCH_PATHS = (
					"$(inherited)",
					"@executable_path/Frameworks",
				);
				MARKETING_VERSION = 1.0;
				PRODUCT_BUNDLE_IDENTIFIER = kim.recommendNumber;
				PRODUCT_NAME = "$(TARGET_NAME)";
				SWIFT_EMIT_LOC_STRINGS = YES;
				SWIFT_VERSION = 5.0;
				TARGETED_DEVICE_FAMILY = "1,2";
			};
			name = Debug;
		};
		3B8BB0072978C3FE003BD7EE /* Release */ = {
			isa = XCBuildConfiguration;
			buildSettings = {
				ASSETCATALOG_COMPILER_APPICON_NAME = AppIcon;
				ASSETCATALOG_COMPILER_GLOBAL_ACCENT_COLOR_NAME = AccentColor;
				CODE_SIGN_STYLE = Automatic;
				CURRENT_PROJECT_VERSION = 1;
				DEVELOPMENT_ASSET_PATHS = "\"recommendNumber/Preview Content\"";
				DEVELOPMENT_TEAM = 77295VQTPM;
				ENABLE_PREVIEWS = YES;
				GENERATE_INFOPLIST_FILE = YES;
				INFOPLIST_KEY_UIApplicationSceneManifest_Generation = YES;
				INFOPLIST_KEY_UIApplicationSupportsIndirectInputEvents = YES;
				INFOPLIST_KEY_UILaunchScreen_Generation = YES;
				INFOPLIST_KEY_UISupportedInterfaceOrientations_iPad = "UIInterfaceOrientationPortrait UIInterfaceOrientationPortraitUpsideDown UIInterfaceOrientationLandscapeLeft UIInterfaceOrientationLandscapeRight";
				INFOPLIST_KEY_UISupportedInterfaceOrientations_iPhone = "UIInterfaceOrientationPortrait UIInterfaceOrientationLandscapeLeft UIInterfaceOrientationLandscapeRight";
				LD_RUNPATH_SEARCH_PATHS = (
					"$(inherited)",
					"@executable_path/Frameworks",
				);
				MARKETING_VERSION = 1.0;
				PRODUCT_BUNDLE_IDENTIFIER = kim.recommendNumber;
				PRODUCT_NAME = "$(TARGET_NAME)";
				SWIFT_EMIT_LOC_STRINGS = YES;
				SWIFT_VERSION = 5.0;
				TARGETED_DEVICE_FAMILY = "1,2";
			};
			name = Release;
		};
/* End XCBuildConfiguration section */

/* Begin XCConfigurationList section */
		3B8BAFF22978C3FD003BD7EE /* Build configuration list for PBXProject "recommendNumber" */ = {
			isa = XCConfigurationList;
			buildConfigurations = (
				3B8BB0032978C3FE003BD7EE /* Debug */,
				3B8BB0042978C3FE003BD7EE /* Release */,
			);
			defaultConfigurationIsVisible = 0;
			defaultConfigurationName = Release;
		};
		3B8BB0052978C3FE003BD7EE /* Build configuration list for PBXNativeTarget "recommendNumber" */ = {
			isa = XCConfigurationList;
			buildConfigurations = (
				3B8BB0062978C3FE003BD7EE /* Debug */,
				3B8BB0072978C3FE003BD7EE /* Release */,
			);
			defaultConfigurationIsVisible = 0;
			defaultConfigurationName = Release;
		};
/* End XCConfigurationList section */
	};
	rootObject = 3B8BAFEF2978C3FD003BD7EE /* Project object */;
}
