// !$*UTF8*$!
{
	archiveVersion = 1;
	classes = {
	};
	objectVersion = 56;
	objects = {

/* Begin PBXBuildFile section */
		3B20274829CC6B6D00BECA1D /* RecommendViewModel.swift in Sources */ = {isa = PBXBuildFile; fileRef = 3B57A58929A83987000C110A /* RecommendViewModel.swift */; };
		3B20275029CC791600BECA1D /* Alamofire in Frameworks */ = {isa = PBXBuildFile; productRef = 3B20274F29CC791600BECA1D /* Alamofire */; };
		3B20275229CC791E00BECA1D /* Alamofire in Frameworks */ = {isa = PBXBuildFile; productRef = 3B20275129CC791E00BECA1D /* Alamofire */; };
		3B32C5A729CD9AA8009D336F /* StoreLocationSettingButton.swift in Sources */ = {isa = PBXBuildFile; fileRef = 3B32C5A629CD9AA8009D336F /* StoreLocationSettingButton.swift */; };
		3B32C5AD29CDB292009D336F /* Error.swift in Sources */ = {isa = PBXBuildFile; fileRef = 3B32C5AC29CDB292009D336F /* Error.swift */; };
		3B4543AA29BAC39D00637D1E /* allinW Watch App.app in Embed Watch Content */ = {isa = PBXBuildFile; fileRef = 3B57A57929A83917000C110A /* allinW Watch App.app */; settings = {ATTRIBUTES = (RemoveHeadersOnCopy, ); }; };
		3B57A56829A838F9000C110A /* allinApp.swift in Sources */ = {isa = PBXBuildFile; fileRef = 3B57A56729A838F9000C110A /* allinApp.swift */; };
		3B57A56A29A838F9000C110A /* ContentView.swift in Sources */ = {isa = PBXBuildFile; fileRef = 3B57A56929A838F9000C110A /* ContentView.swift */; };
		3B57A56C29A838FA000C110A /* Assets.xcassets in Resources */ = {isa = PBXBuildFile; fileRef = 3B57A56B29A838FA000C110A /* Assets.xcassets */; };
		3B57A56F29A838FA000C110A /* Preview Assets.xcassets in Resources */ = {isa = PBXBuildFile; fileRef = 3B57A56E29A838FA000C110A /* Preview Assets.xcassets */; };
		3B57A57C29A83917000C110A /* allinWApp.swift in Sources */ = {isa = PBXBuildFile; fileRef = 3B57A57B29A83917000C110A /* allinWApp.swift */; };
		3B57A57E29A83917000C110A /* WatchContentView.swift in Sources */ = {isa = PBXBuildFile; fileRef = 3B57A57D29A83917000C110A /* WatchContentView.swift */; };
		3B57A58329A83918000C110A /* Preview Assets.xcassets in Resources */ = {isa = PBXBuildFile; fileRef = 3B57A58229A83918000C110A /* Preview Assets.xcassets */; };
		3B57A58A29A83987000C110A /* RecommendViewModel.swift in Sources */ = {isa = PBXBuildFile; fileRef = 3B57A58929A83987000C110A /* RecommendViewModel.swift */; };
		3B57A59729A83AB3000C110A /* Assets.xcassets in Resources */ = {isa = PBXBuildFile; fileRef = 3B57A56B29A838FA000C110A /* Assets.xcassets */; };
		3B57A59A29A8D923000C110A /* RecommendResultView.swift in Sources */ = {isa = PBXBuildFile; fileRef = 3B57A59929A8D923000C110A /* RecommendResultView.swift */; };
		3B57A59B29A8D923000C110A /* RecommendResultView.swift in Sources */ = {isa = PBXBuildFile; fileRef = 3B57A59929A8D923000C110A /* RecommendResultView.swift */; };
		3B57A59D29A8DAC7000C110A /* RecommendButtonView.swift in Sources */ = {isa = PBXBuildFile; fileRef = 3B57A59C29A8DAC7000C110A /* RecommendButtonView.swift */; };
		3B57A59E29A8DAC7000C110A /* RecommendButtonView.swift in Sources */ = {isa = PBXBuildFile; fileRef = 3B57A59C29A8DAC7000C110A /* RecommendButtonView.swift */; };
		3B57A5B529AA50DB000C110A /* RecommendView.swift in Sources */ = {isa = PBXBuildFile; fileRef = 3B57A5B429AA50DB000C110A /* RecommendView.swift */; };
		3B57A5B629AA50DB000C110A /* RecommendView.swift in Sources */ = {isa = PBXBuildFile; fileRef = 3B57A5B429AA50DB000C110A /* RecommendView.swift */; };
		3B57A5B929AB447E000C110A /* StoreView.swift in Sources */ = {isa = PBXBuildFile; fileRef = 3B57A5B829AB447E000C110A /* StoreView.swift */; };
		3B57A5BE29AB79C1000C110A /* NMapsMap in Frameworks */ = {isa = PBXBuildFile; productRef = 3B57A5BD29AB79C1000C110A /* NMapsMap */; };
		3B57A5C029AB7A1E000C110A /* StoreMapView.swift in Sources */ = {isa = PBXBuildFile; fileRef = 3B57A5BF29AB7A1E000C110A /* StoreMapView.swift */; };
		3B57A5C229ACA1F1000C110A /* StoreViewModel.swift in Sources */ = {isa = PBXBuildFile; fileRef = 3B57A5C129ACA1F1000C110A /* StoreViewModel.swift */; };
		3B57A5C429ACCCF4000C110A /* Plist.swift in Sources */ = {isa = PBXBuildFile; fileRef = 3B57A5C329ACCCF4000C110A /* Plist.swift */; };
		3B878C1629AE1E0200846742 /* Lottery.swift in Sources */ = {isa = PBXBuildFile; fileRef = 3B878C1529AE1E0200846742 /* Lottery.swift */; };
		3B878C1829AE295300846742 /* Address.swift in Sources */ = {isa = PBXBuildFile; fileRef = 3B878C1729AE295300846742 /* Address.swift */; };
		3B878C1A29AE30FC00846742 /* Store.swift in Sources */ = {isa = PBXBuildFile; fileRef = 3B878C1929AE30FC00846742 /* Store.swift */; };
		3B878C1C29AE4CC000846742 /* StoreMoveMapButton.swift in Sources */ = {isa = PBXBuildFile; fileRef = 3B878C1B29AE4CC000846742 /* StoreMoveMapButton.swift */; };
		3BF8D10A29B327AE008A61ED /* Plist.swift in Sources */ = {isa = PBXBuildFile; fileRef = 3B57A5C329ACCCF4000C110A /* Plist.swift */; };
		3BF8D10B29B327B7008A61ED /* Lottery.swift in Sources */ = {isa = PBXBuildFile; fileRef = 3B878C1529AE1E0200846742 /* Lottery.swift */; };
/* End PBXBuildFile section */

/* Begin PBXContainerItemProxy section */
		3B4543AB29BAC39D00637D1E /* PBXContainerItemProxy */ = {
			isa = PBXContainerItemProxy;
			containerPortal = 3B57A55C29A838F9000C110A /* Project object */;
			proxyType = 1;
			remoteGlobalIDString = 3B57A57829A83917000C110A;
			remoteInfo = "allinW Watch App";
		};
/* End PBXContainerItemProxy section */

/* Begin PBXCopyFilesBuildPhase section */
		3B4543AD29BAC39D00637D1E /* Embed Watch Content */ = {
			isa = PBXCopyFilesBuildPhase;
			buildActionMask = 8;
			dstPath = "$(CONTENTS_FOLDER_PATH)/Watch";
			dstSubfolderSpec = 16;
			files = (
				3B4543AA29BAC39D00637D1E /* allinW Watch App.app in Embed Watch Content */,
			);
			name = "Embed Watch Content";
			runOnlyForDeploymentPostprocessing = 1;
		};
/* End PBXCopyFilesBuildPhase section */

/* Begin PBXFileReference section */
		3B20275729CC816F00BECA1D /* allinW Watch App.entitlements */ = {isa = PBXFileReference; lastKnownFileType = text.plist.entitlements; path = "allinW Watch App.entitlements"; sourceTree = "<group>"; };
		3B32C5A629CD9AA8009D336F /* StoreLocationSettingButton.swift */ = {isa = PBXFileReference; lastKnownFileType = sourcecode.swift; path = StoreLocationSettingButton.swift; sourceTree = "<group>"; };
		3B32C5AC29CDB292009D336F /* Error.swift */ = {isa = PBXFileReference; lastKnownFileType = sourcecode.swift; path = Error.swift; sourceTree = "<group>"; };
		3B57A56429A838F9000C110A /* allin.app */ = {isa = PBXFileReference; explicitFileType = wrapper.application; includeInIndex = 0; path = allin.app; sourceTree = BUILT_PRODUCTS_DIR; };
		3B57A56729A838F9000C110A /* allinApp.swift */ = {isa = PBXFileReference; lastKnownFileType = sourcecode.swift; path = allinApp.swift; sourceTree = "<group>"; };
		3B57A56929A838F9000C110A /* ContentView.swift */ = {isa = PBXFileReference; lastKnownFileType = sourcecode.swift; path = ContentView.swift; sourceTree = "<group>"; };
		3B57A56B29A838FA000C110A /* Assets.xcassets */ = {isa = PBXFileReference; lastKnownFileType = folder.assetcatalog; path = Assets.xcassets; sourceTree = "<group>"; };
		3B57A56E29A838FA000C110A /* Preview Assets.xcassets */ = {isa = PBXFileReference; lastKnownFileType = folder.assetcatalog; path = "Preview Assets.xcassets"; sourceTree = "<group>"; };
		3B57A57929A83917000C110A /* allinW Watch App.app */ = {isa = PBXFileReference; explicitFileType = wrapper.application; includeInIndex = 0; path = "allinW Watch App.app"; sourceTree = BUILT_PRODUCTS_DIR; };
		3B57A57B29A83917000C110A /* allinWApp.swift */ = {isa = PBXFileReference; lastKnownFileType = sourcecode.swift; path = allinWApp.swift; sourceTree = "<group>"; };
		3B57A57D29A83917000C110A /* WatchContentView.swift */ = {isa = PBXFileReference; lastKnownFileType = sourcecode.swift; path = WatchContentView.swift; sourceTree = "<group>"; };
		3B57A58229A83918000C110A /* Preview Assets.xcassets */ = {isa = PBXFileReference; lastKnownFileType = folder.assetcatalog; path = "Preview Assets.xcassets"; sourceTree = "<group>"; };
		3B57A58929A83987000C110A /* RecommendViewModel.swift */ = {isa = PBXFileReference; lastKnownFileType = sourcecode.swift; path = RecommendViewModel.swift; sourceTree = "<group>"; };
		3B57A59829A83EB4000C110A /* Info.plist */ = {isa = PBXFileReference; lastKnownFileType = text.plist; path = Info.plist; sourceTree = "<group>"; };
		3B57A59929A8D923000C110A /* RecommendResultView.swift */ = {isa = PBXFileReference; lastKnownFileType = sourcecode.swift; path = RecommendResultView.swift; sourceTree = "<group>"; };
		3B57A59C29A8DAC7000C110A /* RecommendButtonView.swift */ = {isa = PBXFileReference; lastKnownFileType = sourcecode.swift; path = RecommendButtonView.swift; sourceTree = "<group>"; };
		3B57A5B429AA50DB000C110A /* RecommendView.swift */ = {isa = PBXFileReference; lastKnownFileType = sourcecode.swift; path = RecommendView.swift; sourceTree = "<group>"; };
		3B57A5B829AB447E000C110A /* StoreView.swift */ = {isa = PBXFileReference; lastKnownFileType = sourcecode.swift; path = StoreView.swift; sourceTree = "<group>"; };
		3B57A5BF29AB7A1E000C110A /* StoreMapView.swift */ = {isa = PBXFileReference; lastKnownFileType = sourcecode.swift; path = StoreMapView.swift; sourceTree = "<group>"; };
		3B57A5C129ACA1F1000C110A /* StoreViewModel.swift */ = {isa = PBXFileReference; lastKnownFileType = sourcecode.swift; path = StoreViewModel.swift; sourceTree = "<group>"; };
		3B57A5C329ACCCF4000C110A /* Plist.swift */ = {isa = PBXFileReference; lastKnownFileType = sourcecode.swift; path = Plist.swift; sourceTree = "<group>"; };
		3B878C1529AE1E0200846742 /* Lottery.swift */ = {isa = PBXFileReference; lastKnownFileType = sourcecode.swift; path = Lottery.swift; sourceTree = "<group>"; };
		3B878C1729AE295300846742 /* Address.swift */ = {isa = PBXFileReference; lastKnownFileType = sourcecode.swift; path = Address.swift; sourceTree = "<group>"; };
		3B878C1929AE30FC00846742 /* Store.swift */ = {isa = PBXFileReference; lastKnownFileType = sourcecode.swift; path = Store.swift; sourceTree = "<group>"; };
		3B878C1B29AE4CC000846742 /* StoreMoveMapButton.swift */ = {isa = PBXFileReference; lastKnownFileType = sourcecode.swift; path = StoreMoveMapButton.swift; sourceTree = "<group>"; };
/* End PBXFileReference section */

/* Begin PBXFrameworksBuildPhase section */
		3B57A56129A838F9000C110A /* Frameworks */ = {
			isa = PBXFrameworksBuildPhase;
			buildActionMask = 2147483647;
			files = (
				3B57A5BE29AB79C1000C110A /* NMapsMap in Frameworks */,
				3B20275029CC791600BECA1D /* Alamofire in Frameworks */,
			);
			runOnlyForDeploymentPostprocessing = 0;
		};
		3B57A57629A83917000C110A /* Frameworks */ = {
			isa = PBXFrameworksBuildPhase;
			buildActionMask = 2147483647;
			files = (
				3B20275229CC791E00BECA1D /* Alamofire in Frameworks */,
			);
			runOnlyForDeploymentPostprocessing = 0;
		};
/* End PBXFrameworksBuildPhase section */

/* Begin PBXGroup section */
		3B4543A929BAC39D00637D1E /* Frameworks */ = {
			isa = PBXGroup;
			children = (
			);
			name = Frameworks;
			sourceTree = "<group>";
		};
		3B57A55B29A838F9000C110A = {
			isa = PBXGroup;
			children = (
				3B57A56629A838F9000C110A /* allin */,
				3B57A57A29A83917000C110A /* allinW Watch App */,
				3B57A56529A838F9000C110A /* Products */,
				3B4543A929BAC39D00637D1E /* Frameworks */,
			);
			sourceTree = "<group>";
		};
		3B57A56529A838F9000C110A /* Products */ = {
			isa = PBXGroup;
			children = (
				3B57A56429A838F9000C110A /* allin.app */,
				3B57A57929A83917000C110A /* allinW Watch App.app */,
			);
			name = Products;
			sourceTree = "<group>";
		};
		3B57A56629A838F9000C110A /* allin */ = {
			isa = PBXGroup;
			children = (
				3B57A56B29A838FA000C110A /* Assets.xcassets */,
				3B57A59829A83EB4000C110A /* Info.plist */,
				3B57A56729A838F9000C110A /* allinApp.swift */,
				3B32C5AC29CDB292009D336F /* Error.swift */,
				3B57A58C29A83994000C110A /* Model */,
				3B57A58829A83973000C110A /* ViewModel */,
				3B57A58729A8396B000C110A /* View */,
				3B57A56D29A838FA000C110A /* Preview Content */,
			);
			path = allin;
			sourceTree = "<group>";
		};
		3B57A56D29A838FA000C110A /* Preview Content */ = {
			isa = PBXGroup;
			children = (
				3B57A56E29A838FA000C110A /* Preview Assets.xcassets */,
			);
			path = "Preview Content";
			sourceTree = "<group>";
		};
		3B57A57A29A83917000C110A /* allinW Watch App */ = {
			isa = PBXGroup;
			children = (
				3B20275729CC816F00BECA1D /* allinW Watch App.entitlements */,
				3B57A57B29A83917000C110A /* allinWApp.swift */,
				3B57A57D29A83917000C110A /* WatchContentView.swift */,
				3B57A58129A83918000C110A /* Preview Content */,
			);
			path = "allinW Watch App";
			sourceTree = "<group>";
		};
		3B57A58129A83918000C110A /* Preview Content */ = {
			isa = PBXGroup;
			children = (
				3B57A58229A83918000C110A /* Preview Assets.xcassets */,
			);
			path = "Preview Content";
			sourceTree = "<group>";
		};
		3B57A58729A8396B000C110A /* View */ = {
			isa = PBXGroup;
			children = (
				3B57A5B729AB4465000C110A /* StoreView */,
				3B57A5B329AA50A8000C110A /* RecommendView */,
				3B57A56929A838F9000C110A /* ContentView.swift */,
			);
			path = View;
			sourceTree = "<group>";
		};
		3B57A58829A83973000C110A /* ViewModel */ = {
			isa = PBXGroup;
			children = (
				3B57A58929A83987000C110A /* RecommendViewModel.swift */,
				3B57A5C129ACA1F1000C110A /* StoreViewModel.swift */,
			);
			path = ViewModel;
			sourceTree = "<group>";
		};
		3B57A58C29A83994000C110A /* Model */ = {
			isa = PBXGroup;
			children = (
				3B57A5C329ACCCF4000C110A /* Plist.swift */,
				3B878C1529AE1E0200846742 /* Lottery.swift */,
				3B878C1729AE295300846742 /* Address.swift */,
				3B878C1929AE30FC00846742 /* Store.swift */,
			);
			path = Model;
			sourceTree = "<group>";
		};
		3B57A5B329AA50A8000C110A /* RecommendView */ = {
			isa = PBXGroup;
			children = (
				3B57A59929A8D923000C110A /* RecommendResultView.swift */,
				3B57A59C29A8DAC7000C110A /* RecommendButtonView.swift */,
				3B57A5B429AA50DB000C110A /* RecommendView.swift */,
			);
			path = RecommendView;
			sourceTree = "<group>";
		};
		3B57A5B729AB4465000C110A /* StoreView */ = {
			isa = PBXGroup;
			children = (
				3B57A5B829AB447E000C110A /* StoreView.swift */,
				3B57A5BF29AB7A1E000C110A /* StoreMapView.swift */,
				3B878C1B29AE4CC000846742 /* StoreMoveMapButton.swift */,
				3B32C5A629CD9AA8009D336F /* StoreLocationSettingButton.swift */,
			);
			path = StoreView;
			sourceTree = "<group>";
		};
/* End PBXGroup section */

/* Begin PBXNativeTarget section */
		3B57A56329A838F9000C110A /* allin */ = {
			isa = PBXNativeTarget;
			buildConfigurationList = 3B57A57229A838FA000C110A /* Build configuration list for PBXNativeTarget "allin" */;
			buildPhases = (
				3B57A56029A838F9000C110A /* Sources */,
				3B57A56129A838F9000C110A /* Frameworks */,
				3B57A56229A838F9000C110A /* Resources */,
				3B4543AD29BAC39D00637D1E /* Embed Watch Content */,
			);
			buildRules = (
			);
			dependencies = (
				3B4543AC29BAC39D00637D1E /* PBXTargetDependency */,
			);
			name = allin;
			packageProductDependencies = (
				3B57A5BD29AB79C1000C110A /* NMapsMap */,
				3B20274F29CC791600BECA1D /* Alamofire */,
			);
			productName = allin;
			productReference = 3B57A56429A838F9000C110A /* allin.app */;
			productType = "com.apple.product-type.application";
		};
		3B57A57829A83917000C110A /* allinW Watch App */ = {
			isa = PBXNativeTarget;
			buildConfigurationList = 3B57A58429A83918000C110A /* Build configuration list for PBXNativeTarget "allinW Watch App" */;
			buildPhases = (
				3B57A57529A83917000C110A /* Sources */,
				3B57A57629A83917000C110A /* Frameworks */,
				3B57A57729A83917000C110A /* Resources */,
			);
			buildRules = (
			);
			dependencies = (
			);
			name = "allinW Watch App";
			packageProductDependencies = (
				3B20275129CC791E00BECA1D /* Alamofire */,
			);
			productName = "allinW Watch App";
			productReference = 3B57A57929A83917000C110A /* allinW Watch App.app */;
			productType = "com.apple.product-type.application";
		};
/* End PBXNativeTarget section */

/* Begin PBXProject section */
		3B57A55C29A838F9000C110A /* Project object */ = {
			isa = PBXProject;
			attributes = {
				BuildIndependentTargetsInParallel = 1;
				LastSwiftUpdateCheck = 1420;
				LastUpgradeCheck = 1420;
				TargetAttributes = {
					3B57A56329A838F9000C110A = {
						CreatedOnToolsVersion = 14.2;
					};
					3B57A57829A83917000C110A = {
						CreatedOnToolsVersion = 14.2;
					};
				};
			};
			buildConfigurationList = 3B57A55F29A838F9000C110A /* Build configuration list for PBXProject "allin" */;
			compatibilityVersion = "Xcode 14.0";
			developmentRegion = en;
			hasScannedForEncodings = 0;
			knownRegions = (
				en,
				Base,
			);
			mainGroup = 3B57A55B29A838F9000C110A;
			packageReferences = (
				3B57A5BC29AB79C0000C110A /* XCRemoteSwiftPackageReference "NMapsMap-SPM" */,
				3B20274E29CC791600BECA1D /* XCRemoteSwiftPackageReference "Alamofire" */,
			);
			productRefGroup = 3B57A56529A838F9000C110A /* Products */;
			projectDirPath = "";
			projectRoot = "";
			targets = (
				3B57A56329A838F9000C110A /* allin */,
				3B57A57829A83917000C110A /* allinW Watch App */,
			);
		};
/* End PBXProject section */

/* Begin PBXResourcesBuildPhase section */
		3B57A56229A838F9000C110A /* Resources */ = {
			isa = PBXResourcesBuildPhase;
			buildActionMask = 2147483647;
			files = (
				3B57A56F29A838FA000C110A /* Preview Assets.xcassets in Resources */,
				3B57A56C29A838FA000C110A /* Assets.xcassets in Resources */,
			);
			runOnlyForDeploymentPostprocessing = 0;
		};
		3B57A57729A83917000C110A /* Resources */ = {
			isa = PBXResourcesBuildPhase;
			buildActionMask = 2147483647;
			files = (
				3B57A59729A83AB3000C110A /* Assets.xcassets in Resources */,
				3B57A58329A83918000C110A /* Preview Assets.xcassets in Resources */,
			);
			runOnlyForDeploymentPostprocessing = 0;
		};
/* End PBXResourcesBuildPhase section */

/* Begin PBXSourcesBuildPhase section */
		3B57A56029A838F9000C110A /* Sources */ = {
			isa = PBXSourcesBuildPhase;
			buildActionMask = 2147483647;
			files = (
				3B32C5AD29CDB292009D336F /* Error.swift in Sources */,
				3B878C1829AE295300846742 /* Address.swift in Sources */,
				3B57A5C029AB7A1E000C110A /* StoreMapView.swift in Sources */,
				3B32C5A729CD9AA8009D336F /* StoreLocationSettingButton.swift in Sources */,
				3B57A56A29A838F9000C110A /* ContentView.swift in Sources */,
				3B57A5B529AA50DB000C110A /* RecommendView.swift in Sources */,
				3B57A58A29A83987000C110A /* RecommendViewModel.swift in Sources */,
				3B878C1C29AE4CC000846742 /* StoreMoveMapButton.swift in Sources */,
				3B878C1629AE1E0200846742 /* Lottery.swift in Sources */,
				3B57A5C429ACCCF4000C110A /* Plist.swift in Sources */,
				3B57A56829A838F9000C110A /* allinApp.swift in Sources */,
				3B878C1A29AE30FC00846742 /* Store.swift in Sources */,
				3B57A59A29A8D923000C110A /* RecommendResultView.swift in Sources */,
				3B57A5B929AB447E000C110A /* StoreView.swift in Sources */,
				3B57A5C229ACA1F1000C110A /* StoreViewModel.swift in Sources */,
				3B57A59D29A8DAC7000C110A /* RecommendButtonView.swift in Sources */,
			);
			runOnlyForDeploymentPostprocessing = 0;
		};
		3B57A57529A83917000C110A /* Sources */ = {
			isa = PBXSourcesBuildPhase;
			buildActionMask = 2147483647;
			files = (
				3B57A57E29A83917000C110A /* WatchContentView.swift in Sources */,
				3B57A5B629AA50DB000C110A /* RecommendView.swift in Sources */,
				3B20274829CC6B6D00BECA1D /* RecommendViewModel.swift in Sources */,
				3BF8D10A29B327AE008A61ED /* Plist.swift in Sources */,
				3B57A57C29A83917000C110A /* allinWApp.swift in Sources */,
				3BF8D10B29B327B7008A61ED /* Lottery.swift in Sources */,
				3B57A59B29A8D923000C110A /* RecommendResultView.swift in Sources */,
				3B57A59E29A8DAC7000C110A /* RecommendButtonView.swift in Sources */,
			);
			runOnlyForDeploymentPostprocessing = 0;
		};
/* End PBXSourcesBuildPhase section */

/* Begin PBXTargetDependency section */
		3B4543AC29BAC39D00637D1E /* PBXTargetDependency */ = {
			isa = PBXTargetDependency;
			target = 3B57A57829A83917000C110A /* allinW Watch App */;
			targetProxy = 3B4543AB29BAC39D00637D1E /* PBXContainerItemProxy */;
		};
/* End PBXTargetDependency section */

/* Begin XCBuildConfiguration section */
		3B57A57029A838FA000C110A /* Debug */ = {
			isa = XCBuildConfiguration;
			buildSettings = {
				ALWAYS_SEARCH_USER_PATHS = NO;
				CLANG_ANALYZER_NONNULL = YES;
				CLANG_ANALYZER_NUMBER_OBJECT_CONVERSION = YES_AGGRESSIVE;
				CLANG_CXX_LANGUAGE_STANDARD = "gnu++20";
				CLANG_ENABLE_MODULES = YES;
				CLANG_ENABLE_OBJC_ARC = YES;
				CLANG_ENABLE_OBJC_WEAK = YES;
				CLANG_WARN_BLOCK_CAPTURE_AUTORELEASING = YES;
				CLANG_WARN_BOOL_CONVERSION = YES;
				CLANG_WARN_COMMA = YES;
				CLANG_WARN_CONSTANT_CONVERSION = YES;
				CLANG_WARN_DEPRECATED_OBJC_IMPLEMENTATIONS = YES;
				CLANG_WARN_DIRECT_OBJC_ISA_USAGE = YES_ERROR;
				CLANG_WARN_DOCUMENTATION_COMMENTS = YES;
				CLANG_WARN_EMPTY_BODY = YES;
				CLANG_WARN_ENUM_CONVERSION = YES;
				CLANG_WARN_INFINITE_RECURSION = YES;
				CLANG_WARN_INT_CONVERSION = YES;
				CLANG_WARN_NON_LITERAL_NULL_CONVERSION = YES;
				CLANG_WARN_OBJC_IMPLICIT_RETAIN_SELF = YES;
				CLANG_WARN_OBJC_LITERAL_CONVERSION = YES;
				CLANG_WARN_OBJC_ROOT_CLASS = YES_ERROR;
				CLANG_WARN_QUOTED_INCLUDE_IN_FRAMEWORK_HEADER = YES;
				CLANG_WARN_RANGE_LOOP_ANALYSIS = YES;
				CLANG_WARN_STRICT_PROTOTYPES = YES;
				CLANG_WARN_SUSPICIOUS_MOVE = YES;
				CLANG_WARN_UNGUARDED_AVAILABILITY = YES_AGGRESSIVE;
				CLANG_WARN_UNREACHABLE_CODE = YES;
				CLANG_WARN__DUPLICATE_METHOD_MATCH = YES;
				COPY_PHASE_STRIP = NO;
				DEBUG_INFORMATION_FORMAT = dwarf;
				ENABLE_STRICT_OBJC_MSGSEND = YES;
				ENABLE_TESTABILITY = YES;
				GCC_C_LANGUAGE_STANDARD = gnu11;
				GCC_DYNAMIC_NO_PIC = NO;
				GCC_NO_COMMON_BLOCKS = YES;
				GCC_OPTIMIZATION_LEVEL = 0;
				GCC_PREPROCESSOR_DEFINITIONS = (
					"DEBUG=1",
					"$(inherited)",
				);
				GCC_WARN_64_TO_32_BIT_CONVERSION = YES;
				GCC_WARN_ABOUT_RETURN_TYPE = YES_ERROR;
				GCC_WARN_UNDECLARED_SELECTOR = YES;
				GCC_WARN_UNINITIALIZED_AUTOS = YES_AGGRESSIVE;
				GCC_WARN_UNUSED_FUNCTION = YES;
				GCC_WARN_UNUSED_VARIABLE = YES;
				MTL_ENABLE_DEBUG_INFO = INCLUDE_SOURCE;
				MTL_FAST_MATH = YES;
				ONLY_ACTIVE_ARCH = YES;
				SDKROOT = iphoneos;
				SWIFT_ACTIVE_COMPILATION_CONDITIONS = DEBUG;
				SWIFT_OPTIMIZATION_LEVEL = "-Onone";
			};
			name = Debug;
		};
		3B57A57129A838FA000C110A /* Release */ = {
			isa = XCBuildConfiguration;
			buildSettings = {
				ALWAYS_SEARCH_USER_PATHS = NO;
				CLANG_ANALYZER_NONNULL = YES;
				CLANG_ANALYZER_NUMBER_OBJECT_CONVERSION = YES_AGGRESSIVE;
				CLANG_CXX_LANGUAGE_STANDARD = "gnu++20";
				CLANG_ENABLE_MODULES = YES;
				CLANG_ENABLE_OBJC_ARC = YES;
				CLANG_ENABLE_OBJC_WEAK = YES;
				CLANG_WARN_BLOCK_CAPTURE_AUTORELEASING = YES;
				CLANG_WARN_BOOL_CONVERSION = YES;
				CLANG_WARN_COMMA = YES;
				CLANG_WARN_CONSTANT_CONVERSION = YES;
				CLANG_WARN_DEPRECATED_OBJC_IMPLEMENTATIONS = YES;
				CLANG_WARN_DIRECT_OBJC_ISA_USAGE = YES_ERROR;
				CLANG_WARN_DOCUMENTATION_COMMENTS = YES;
				CLANG_WARN_EMPTY_BODY = YES;
				CLANG_WARN_ENUM_CONVERSION = YES;
				CLANG_WARN_INFINITE_RECURSION = YES;
				CLANG_WARN_INT_CONVERSION = YES;
				CLANG_WARN_NON_LITERAL_NULL_CONVERSION = YES;
				CLANG_WARN_OBJC_IMPLICIT_RETAIN_SELF = YES;
				CLANG_WARN_OBJC_LITERAL_CONVERSION = YES;
				CLANG_WARN_OBJC_ROOT_CLASS = YES_ERROR;
				CLANG_WARN_QUOTED_INCLUDE_IN_FRAMEWORK_HEADER = YES;
				CLANG_WARN_RANGE_LOOP_ANALYSIS = YES;
				CLANG_WARN_STRICT_PROTOTYPES = YES;
				CLANG_WARN_SUSPICIOUS_MOVE = YES;
				CLANG_WARN_UNGUARDED_AVAILABILITY = YES_AGGRESSIVE;
				CLANG_WARN_UNREACHABLE_CODE = YES;
				CLANG_WARN__DUPLICATE_METHOD_MATCH = YES;
				COPY_PHASE_STRIP = NO;
				DEBUG_INFORMATION_FORMAT = "dwarf-with-dsym";
				ENABLE_NS_ASSERTIONS = NO;
				ENABLE_STRICT_OBJC_MSGSEND = YES;
				GCC_C_LANGUAGE_STANDARD = gnu11;
				GCC_NO_COMMON_BLOCKS = YES;
				GCC_WARN_64_TO_32_BIT_CONVERSION = YES;
				GCC_WARN_ABOUT_RETURN_TYPE = YES_ERROR;
				GCC_WARN_UNDECLARED_SELECTOR = YES;
				GCC_WARN_UNINITIALIZED_AUTOS = YES_AGGRESSIVE;
				GCC_WARN_UNUSED_FUNCTION = YES;
				GCC_WARN_UNUSED_VARIABLE = YES;
				MTL_ENABLE_DEBUG_INFO = NO;
				MTL_FAST_MATH = YES;
				SDKROOT = iphoneos;
				SWIFT_COMPILATION_MODE = wholemodule;
				SWIFT_OPTIMIZATION_LEVEL = "-O";
				VALIDATE_PRODUCT = YES;
			};
			name = Release;
		};
		3B57A57329A838FA000C110A /* Debug */ = {
			isa = XCBuildConfiguration;
			buildSettings = {
				ASSETCATALOG_COMPILER_APPICON_NAME = AppIcon;
				CODE_SIGN_IDENTITY = "Apple Development";
				CODE_SIGN_STYLE = Automatic;
				CURRENT_PROJECT_VERSION = 1;
				DEVELOPMENT_ASSET_PATHS = "\"allin/Preview Content\"";
				DEVELOPMENT_TEAM = 77295VQTPM;
				ENABLE_PREVIEWS = YES;
				GENERATE_INFOPLIST_FILE = YES;
				INFOPLIST_FILE = allin/Info.plist;
				INFOPLIST_KEY_UIApplicationSupportsIndirectInputEvents = YES;
				INFOPLIST_KEY_UILaunchScreen_Generation = YES;
				INFOPLIST_KEY_UISupportedInterfaceOrientations_iPad = "UIInterfaceOrientationPortrait UIInterfaceOrientationPortraitUpsideDown UIInterfaceOrientationLandscapeLeft UIInterfaceOrientationLandscapeRight";
				INFOPLIST_KEY_UISupportedInterfaceOrientations_iPhone = "UIInterfaceOrientationPortrait UIInterfaceOrientationLandscapeLeft UIInterfaceOrientationLandscapeRight";
				IPHONEOS_DEPLOYMENT_TARGET = 15.0;
				LD_RUNPATH_SEARCH_PATHS = (
					"$(inherited)",
					"@executable_path/Frameworks",
				);
				MARKETING_VERSION = 1.0.3;
				PRODUCT_BUNDLE_IDENTIFIER = com.kim.allin;
				PRODUCT_NAME = "$(TARGET_NAME)";
				PROVISIONING_PROFILE_SPECIFIER = "";
				SUPPORTED_PLATFORMS = "iphoneos iphonesimulator";
				SUPPORTS_MACCATALYST = NO;
				SUPPORTS_MAC_DESIGNED_FOR_IPHONE_IPAD = NO;
				SWIFT_EMIT_LOC_STRINGS = YES;
				SWIFT_VERSION = 5.0;
				TARGETED_DEVICE_FAMILY = 1;
				WATCHOS_DEPLOYMENT_TARGET = 8.0;
			};
			name = Debug;
		};
		3B57A57429A838FA000C110A /* Release */ = {
			isa = XCBuildConfiguration;
			buildSettings = {
				ASSETCATALOG_COMPILER_APPICON_NAME = AppIcon;
				CODE_SIGN_IDENTITY = "Apple Development";
				CODE_SIGN_STYLE = Automatic;
				CURRENT_PROJECT_VERSION = 1;
				DEVELOPMENT_ASSET_PATHS = "\"allin/Preview Content\"";
				DEVELOPMENT_TEAM = 77295VQTPM;
				ENABLE_PREVIEWS = YES;
				GENERATE_INFOPLIST_FILE = YES;
				INFOPLIST_FILE = allin/Info.plist;
				INFOPLIST_KEY_UIApplicationSupportsIndirectInputEvents = YES;
				INFOPLIST_KEY_UILaunchScreen_Generation = YES;
				INFOPLIST_KEY_UISupportedInterfaceOrientations_iPad = "UIInterfaceOrientationPortrait UIInterfaceOrientationPortraitUpsideDown UIInterfaceOrientationLandscapeLeft UIInterfaceOrientationLandscapeRight";
				INFOPLIST_KEY_UISupportedInterfaceOrientations_iPhone = "UIInterfaceOrientationPortrait UIInterfaceOrientationLandscapeLeft UIInterfaceOrientationLandscapeRight";
				IPHONEOS_DEPLOYMENT_TARGET = 15.0;
				LD_RUNPATH_SEARCH_PATHS = (
					"$(inherited)",
					"@executable_path/Frameworks",
				);
				MARKETING_VERSION = 1.0.3;
				PRODUCT_BUNDLE_IDENTIFIER = com.kim.allin;
				PRODUCT_NAME = "$(TARGET_NAME)";
				PROVISIONING_PROFILE_SPECIFIER = "";
				SUPPORTED_PLATFORMS = "iphoneos iphonesimulator";
				SUPPORTS_MACCATALYST = NO;
				SUPPORTS_MAC_DESIGNED_FOR_IPHONE_IPAD = NO;
				SWIFT_EMIT_LOC_STRINGS = YES;
				SWIFT_VERSION = 5.0;
				TARGETED_DEVICE_FAMILY = 1;
				WATCHOS_DEPLOYMENT_TARGET = 8.0;
			};
			name = Release;
		};
		3B57A58529A83918000C110A /* Debug */ = {
			isa = XCBuildConfiguration;
			buildSettings = {
				ALWAYS_EMBED_SWIFT_STANDARD_LIBRARIES = "$(EMBEDDED_CONTENT_CONTAINS_SWIFT)";
				ASSETCATALOG_COMPILER_APPICON_NAME = AppIcon;
				CODE_SIGN_ENTITLEMENTS = "allinW Watch App/allinW Watch App.entitlements";
				CODE_SIGN_STYLE = Automatic;
				CURRENT_PROJECT_VERSION = 1;
				DEVELOPMENT_ASSET_PATHS = "\"allinW Watch App/Preview Content\"";
				DEVELOPMENT_TEAM = 77295VQTPM;
				ENABLE_PREVIEWS = YES;
				GENERATE_INFOPLIST_FILE = YES;
				INFOPLIST_FILE = allin/info.plist;
				INFOPLIST_KEY_CFBundleDisplayName = allinW;
				INFOPLIST_KEY_NSLocationWhenInUseUsageDescription = "사용자 주변의 복권 판매점을 표시하기 위해 위치정보가 필요합니다.";
				INFOPLIST_KEY_UISupportedInterfaceOrientations = "UIInterfaceOrientationPortrait UIInterfaceOrientationPortraitUpsideDown";
				INFOPLIST_KEY_WKCompanionAppBundleIdentifier = com.kim.allin;
				IPHONEOS_DEPLOYMENT_TARGET = 15.0;
				LD_RUNPATH_SEARCH_PATHS = (
					"$(inherited)",
					"@executable_path/Frameworks",
				);
				MARKETING_VERSION = 1.0;
				PRODUCT_BUNDLE_IDENTIFIER = com.kim.allin.watchkitapp;
				PRODUCT_NAME = "$(TARGET_NAME)";
				SDKROOT = watchos;
				SKIP_INSTALL = YES;
				SWIFT_EMIT_LOC_STRINGS = YES;
				SWIFT_VERSION = 5.0;
				TARGETED_DEVICE_FAMILY = 4;
				WATCHOS_DEPLOYMENT_TARGET = 8.0;
			};
			name = Debug;
		};
		3B57A58629A83918000C110A /* Release */ = {
			isa = XCBuildConfiguration;
			buildSettings = {
				ALWAYS_EMBED_SWIFT_STANDARD_LIBRARIES = "$(EMBEDDED_CONTENT_CONTAINS_SWIFT)";
				ASSETCATALOG_COMPILER_APPICON_NAME = AppIcon;
				CODE_SIGN_ENTITLEMENTS = "allinW Watch App/allinW Watch App.entitlements";
				CODE_SIGN_STYLE = Automatic;
				CURRENT_PROJECT_VERSION = 1;
				DEVELOPMENT_ASSET_PATHS = "\"allinW Watch App/Preview Content\"";
				DEVELOPMENT_TEAM = 77295VQTPM;
				ENABLE_PREVIEWS = YES;
				GENERATE_INFOPLIST_FILE = YES;
				INFOPLIST_FILE = allin/info.plist;
				INFOPLIST_KEY_CFBundleDisplayName = allinW;
				INFOPLIST_KEY_NSLocationWhenInUseUsageDescription = "사용자 주변의 복권 판매점을 표시하기 위해 위치정보가 필요합니다.";
				INFOPLIST_KEY_UISupportedInterfaceOrientations = "UIInterfaceOrientationPortrait UIInterfaceOrientationPortraitUpsideDown";
				INFOPLIST_KEY_WKCompanionAppBundleIdentifier = com.kim.allin;
				IPHONEOS_DEPLOYMENT_TARGET = 15.0;
				LD_RUNPATH_SEARCH_PATHS = (
					"$(inherited)",
					"@executable_path/Frameworks",
				);
				MARKETING_VERSION = 1.0;
				PRODUCT_BUNDLE_IDENTIFIER = com.kim.allin.watchkitapp;
				PRODUCT_NAME = "$(TARGET_NAME)";
				SDKROOT = watchos;
				SKIP_INSTALL = YES;
				SWIFT_EMIT_LOC_STRINGS = YES;
				SWIFT_VERSION = 5.0;
				TARGETED_DEVICE_FAMILY = 4;
				WATCHOS_DEPLOYMENT_TARGET = 8.0;
			};
			name = Release;
		};
/* End XCBuildConfiguration section */

/* Begin XCConfigurationList section */
		3B57A55F29A838F9000C110A /* Build configuration list for PBXProject "allin" */ = {
			isa = XCConfigurationList;
			buildConfigurations = (
				3B57A57029A838FA000C110A /* Debug */,
				3B57A57129A838FA000C110A /* Release */,
			);
			defaultConfigurationIsVisible = 0;
			defaultConfigurationName = Release;
		};
		3B57A57229A838FA000C110A /* Build configuration list for PBXNativeTarget "allin" */ = {
			isa = XCConfigurationList;
			buildConfigurations = (
				3B57A57329A838FA000C110A /* Debug */,
				3B57A57429A838FA000C110A /* Release */,
			);
			defaultConfigurationIsVisible = 0;
			defaultConfigurationName = Release;
		};
		3B57A58429A83918000C110A /* Build configuration list for PBXNativeTarget "allinW Watch App" */ = {
			isa = XCConfigurationList;
			buildConfigurations = (
				3B57A58529A83918000C110A /* Debug */,
				3B57A58629A83918000C110A /* Release */,
			);
			defaultConfigurationIsVisible = 0;
			defaultConfigurationName = Release;
		};
/* End XCConfigurationList section */

/* Begin XCRemoteSwiftPackageReference section */
		3B20274E29CC791600BECA1D /* XCRemoteSwiftPackageReference "Alamofire" */ = {
			isa = XCRemoteSwiftPackageReference;
			repositoryURL = "https://github.com/Alamofire/Alamofire.git";
			requirement = {
				kind = exactVersion;
				version = 5.6.4;
			};
		};
		3B57A5BC29AB79C0000C110A /* XCRemoteSwiftPackageReference "NMapsMap-SPM" */ = {
			isa = XCRemoteSwiftPackageReference;
			repositoryURL = "https://github.com/jaemyeong/NMapsMap-SPM.git";
			requirement = {
				kind = upToNextMajorVersion;
				minimumVersion = 3.16.2;
			};
		};
/* End XCRemoteSwiftPackageReference section */

/* Begin XCSwiftPackageProductDependency section */
		3B20274F29CC791600BECA1D /* Alamofire */ = {
			isa = XCSwiftPackageProductDependency;
			package = 3B20274E29CC791600BECA1D /* XCRemoteSwiftPackageReference "Alamofire" */;
			productName = Alamofire;
		};
		3B20275129CC791E00BECA1D /* Alamofire */ = {
			isa = XCSwiftPackageProductDependency;
			package = 3B20274E29CC791600BECA1D /* XCRemoteSwiftPackageReference "Alamofire" */;
			productName = Alamofire;
		};
		3B57A5BD29AB79C1000C110A /* NMapsMap */ = {
			isa = XCSwiftPackageProductDependency;
			package = 3B57A5BC29AB79C0000C110A /* XCRemoteSwiftPackageReference "NMapsMap-SPM" */;
			productName = NMapsMap;
		};
/* End XCSwiftPackageProductDependency section */
	};
	rootObject = 3B57A55C29A838F9000C110A /* Project object */;
}
