// !$*UTF8*$!
{
	archiveVersion = 1;
	classes = {
	};
	objectVersion = 56;
	objects = {

/* Begin PBXBuildFile section */
		3B32C5A729CD9AA8009D336F /* StoreLocationSettingButton.swift in Sources */ = {isa = PBXBuildFile; fileRef = 3B32C5A629CD9AA8009D336F /* StoreLocationSettingButton.swift */; };
		3B32C5AD29CDB292009D336F /* Error.swift in Sources */ = {isa = PBXBuildFile; fileRef = 3B32C5AC29CDB292009D336F /* Error.swift */; };
		3B32C5B029CDB794009D336F /* Verify.swift in Sources */ = {isa = PBXBuildFile; fileRef = 3B32C5AF29CDB794009D336F /* Verify.swift */; };
		3B32C5B329CDBF94009D336F /* README.md in Resources */ = {isa = PBXBuildFile; fileRef = 3B32C5B229CDBF94009D336F /* README.md */; };
		3B3F61CB2A10DDF800576093 /* RecommendShuffleView.swift in Sources */ = {isa = PBXBuildFile; fileRef = 3B3F61CA2A10DDF800576093 /* RecommendShuffleView.swift */; };
		3B3F61D12A1325F200576093 /* PersistenceController.swift in Sources */ = {isa = PBXBuildFile; fileRef = 3B3F61D02A1325F200576093 /* PersistenceController.swift */; };
		3B3F61E12A13661800576093 /* Lottery.swift in Sources */ = {isa = PBXBuildFile; fileRef = 3B3F61E02A13661800576093 /* Lottery.swift */; };
		3B3F61EB2A14644800576093 /* Model.xcdatamodeld in Sources */ = {isa = PBXBuildFile; fileRef = 3B3F61E92A14644800576093 /* Model.xcdatamodeld */; };
		3B3F61F42A14C08E00576093 /* WinNumber+CoreDataClass.swift in Sources */ = {isa = PBXBuildFile; fileRef = 3B3F61F22A14C08E00576093 /* WinNumber+CoreDataClass.swift */; };
		3B3F61F52A14C08F00576093 /* WinNumber+CoreDataProperties.swift in Sources */ = {isa = PBXBuildFile; fileRef = 3B3F61F32A14C08E00576093 /* WinNumber+CoreDataProperties.swift */; };
		3B3F61FE2A1862DB00576093 /* allinTests.swift in Sources */ = {isa = PBXBuildFile; fileRef = 3B3F61FD2A1862DB00576093 /* allinTests.swift */; };
		3B57A56829A838F9000C110A /* allinApp.swift in Sources */ = {isa = PBXBuildFile; fileRef = 3B57A56729A838F9000C110A /* allinApp.swift */; };
		3B57A56A29A838F9000C110A /* ContentView.swift in Sources */ = {isa = PBXBuildFile; fileRef = 3B57A56929A838F9000C110A /* ContentView.swift */; };
		3B57A56C29A838FA000C110A /* Assets.xcassets in Resources */ = {isa = PBXBuildFile; fileRef = 3B57A56B29A838FA000C110A /* Assets.xcassets */; };
		3B57A56F29A838FA000C110A /* Preview Assets.xcassets in Resources */ = {isa = PBXBuildFile; fileRef = 3B57A56E29A838FA000C110A /* Preview Assets.xcassets */; };
		3B57A58A29A83987000C110A /* RecommendViewModel.swift in Sources */ = {isa = PBXBuildFile; fileRef = 3B57A58929A83987000C110A /* RecommendViewModel.swift */; };
		3B57A59D29A8DAC7000C110A /* RecommendButtonView.swift in Sources */ = {isa = PBXBuildFile; fileRef = 3B57A59C29A8DAC7000C110A /* RecommendButtonView.swift */; };
		3B57A5B529AA50DB000C110A /* RecommendView.swift in Sources */ = {isa = PBXBuildFile; fileRef = 3B57A5B429AA50DB000C110A /* RecommendView.swift */; };
		3B57A5B929AB447E000C110A /* StoreView.swift in Sources */ = {isa = PBXBuildFile; fileRef = 3B57A5B829AB447E000C110A /* StoreView.swift */; };
		3B57A5C029AB7A1E000C110A /* StoreMapView.swift in Sources */ = {isa = PBXBuildFile; fileRef = 3B57A5BF29AB7A1E000C110A /* StoreMapView.swift */; };
		3B57A5C229ACA1F1000C110A /* StoreViewModel.swift in Sources */ = {isa = PBXBuildFile; fileRef = 3B57A5C129ACA1F1000C110A /* StoreViewModel.swift */; };
		3B57A5C429ACCCF4000C110A /* Plist.swift in Sources */ = {isa = PBXBuildFile; fileRef = 3B57A5C329ACCCF4000C110A /* Plist.swift */; };
		3B7A5F922A0D2EA6005EF556 /* Launch Screen.storyboard in Resources */ = {isa = PBXBuildFile; fileRef = 3B7A5F912A0D2EA6005EF556 /* Launch Screen.storyboard */; };
		3B878C1A29AE30FC00846742 /* Store.swift in Sources */ = {isa = PBXBuildFile; fileRef = 3B878C1929AE30FC00846742 /* Store.swift */; };
		3B878C1C29AE4CC000846742 /* StoreMoveMapButton.swift in Sources */ = {isa = PBXBuildFile; fileRef = 3B878C1B29AE4CC000846742 /* StoreMoveMapButton.swift */; };
		4B98588B22FE17378781C7FE /* Pods_allin.framework in Frameworks */ = {isa = PBXBuildFile; fileRef = 5A67059F7B17EEAC59200731 /* Pods_allin.framework */; };
/* End PBXBuildFile section */

/* Begin PBXContainerItemProxy section */
		3B3F61FF2A1862DB00576093 /* PBXContainerItemProxy */ = {
			isa = PBXContainerItemProxy;
			containerPortal = 3B57A55C29A838F9000C110A /* Project object */;
			proxyType = 1;
			remoteGlobalIDString = 3B57A56329A838F9000C110A;
			remoteInfo = allin;
		};
/* End PBXContainerItemProxy section */

/* Begin PBXCopyFilesBuildPhase section */
		3B4543AD29BAC39D00637D1E /* Embed Watch Content */ = {
			isa = PBXCopyFilesBuildPhase;
			buildActionMask = 8;
			dstPath = "$(CONTENTS_FOLDER_PATH)/Watch";
			dstSubfolderSpec = 16;
			files = (
			);
			name = "Embed Watch Content";
			runOnlyForDeploymentPostprocessing = 1;
		};
/* End PBXCopyFilesBuildPhase section */

/* Begin PBXFileReference section */
		3B32C5A629CD9AA8009D336F /* StoreLocationSettingButton.swift */ = {isa = PBXFileReference; lastKnownFileType = sourcecode.swift; path = StoreLocationSettingButton.swift; sourceTree = "<group>"; };
		3B32C5AC29CDB292009D336F /* Error.swift */ = {isa = PBXFileReference; lastKnownFileType = sourcecode.swift; path = Error.swift; sourceTree = "<group>"; };
		3B32C5AF29CDB794009D336F /* Verify.swift */ = {isa = PBXFileReference; lastKnownFileType = sourcecode.swift; path = Verify.swift; sourceTree = "<group>"; };
		3B32C5B229CDBF94009D336F /* README.md */ = {isa = PBXFileReference; fileEncoding = 4; lastKnownFileType = net.daringfireball.markdown; path = README.md; sourceTree = "<group>"; };
		3B3F61CA2A10DDF800576093 /* RecommendShuffleView.swift */ = {isa = PBXFileReference; lastKnownFileType = sourcecode.swift; path = RecommendShuffleView.swift; sourceTree = "<group>"; };
		3B3F61D02A1325F200576093 /* PersistenceController.swift */ = {isa = PBXFileReference; lastKnownFileType = sourcecode.swift; path = PersistenceController.swift; sourceTree = "<group>"; };
		3B3F61E02A13661800576093 /* Lottery.swift */ = {isa = PBXFileReference; lastKnownFileType = sourcecode.swift; path = Lottery.swift; sourceTree = "<group>"; };
		3B3F61EA2A14644800576093 /* Model.xcdatamodel */ = {isa = PBXFileReference; lastKnownFileType = wrapper.xcdatamodel; path = Model.xcdatamodel; sourceTree = "<group>"; };
		3B3F61F22A14C08E00576093 /* WinNumber+CoreDataClass.swift */ = {isa = PBXFileReference; lastKnownFileType = sourcecode.swift; name = "WinNumber+CoreDataClass.swift"; path = "allin/Model/CoreData/WinNumber+CoreDataClass.swift"; sourceTree = SOURCE_ROOT; };
		3B3F61F32A14C08E00576093 /* WinNumber+CoreDataProperties.swift */ = {isa = PBXFileReference; lastKnownFileType = sourcecode.swift; name = "WinNumber+CoreDataProperties.swift"; path = "allin/Model/CoreData/WinNumber+CoreDataProperties.swift"; sourceTree = SOURCE_ROOT; };
		3B3F61FB2A1862DB00576093 /* allinTests.xctest */ = {isa = PBXFileReference; explicitFileType = wrapper.cfbundle; includeInIndex = 0; path = allinTests.xctest; sourceTree = BUILT_PRODUCTS_DIR; };
		3B3F61FD2A1862DB00576093 /* allinTests.swift */ = {isa = PBXFileReference; lastKnownFileType = sourcecode.swift; path = allinTests.swift; sourceTree = "<group>"; };
		3B57A56429A838F9000C110A /* allin.app */ = {isa = PBXFileReference; explicitFileType = wrapper.application; includeInIndex = 0; path = allin.app; sourceTree = BUILT_PRODUCTS_DIR; };
		3B57A56729A838F9000C110A /* allinApp.swift */ = {isa = PBXFileReference; lastKnownFileType = sourcecode.swift; path = allinApp.swift; sourceTree = "<group>"; };
		3B57A56929A838F9000C110A /* ContentView.swift */ = {isa = PBXFileReference; lastKnownFileType = sourcecode.swift; path = ContentView.swift; sourceTree = "<group>"; };
		3B57A56B29A838FA000C110A /* Assets.xcassets */ = {isa = PBXFileReference; lastKnownFileType = folder.assetcatalog; path = Assets.xcassets; sourceTree = "<group>"; };
		3B57A56E29A838FA000C110A /* Preview Assets.xcassets */ = {isa = PBXFileReference; lastKnownFileType = folder.assetcatalog; path = "Preview Assets.xcassets"; sourceTree = "<group>"; };
		3B57A58929A83987000C110A /* RecommendViewModel.swift */ = {isa = PBXFileReference; lastKnownFileType = sourcecode.swift; path = RecommendViewModel.swift; sourceTree = "<group>"; };
		3B57A59829A83EB4000C110A /* Info.plist */ = {isa = PBXFileReference; lastKnownFileType = text.plist; path = Info.plist; sourceTree = "<group>"; };
		3B57A59C29A8DAC7000C110A /* RecommendButtonView.swift */ = {isa = PBXFileReference; lastKnownFileType = sourcecode.swift; path = RecommendButtonView.swift; sourceTree = "<group>"; };
		3B57A5B429AA50DB000C110A /* RecommendView.swift */ = {isa = PBXFileReference; lastKnownFileType = sourcecode.swift; path = RecommendView.swift; sourceTree = "<group>"; };
		3B57A5B829AB447E000C110A /* StoreView.swift */ = {isa = PBXFileReference; lastKnownFileType = sourcecode.swift; path = StoreView.swift; sourceTree = "<group>"; };
		3B57A5BF29AB7A1E000C110A /* StoreMapView.swift */ = {isa = PBXFileReference; lastKnownFileType = sourcecode.swift; path = StoreMapView.swift; sourceTree = "<group>"; };
		3B57A5C129ACA1F1000C110A /* StoreViewModel.swift */ = {isa = PBXFileReference; lastKnownFileType = sourcecode.swift; path = StoreViewModel.swift; sourceTree = "<group>"; };
		3B57A5C329ACCCF4000C110A /* Plist.swift */ = {isa = PBXFileReference; lastKnownFileType = sourcecode.swift; path = Plist.swift; sourceTree = "<group>"; };
		3B7A5F912A0D2EA6005EF556 /* Launch Screen.storyboard */ = {isa = PBXFileReference; lastKnownFileType = file.storyboard; path = "Launch Screen.storyboard"; sourceTree = "<group>"; };
		3B878C1929AE30FC00846742 /* Store.swift */ = {isa = PBXFileReference; lastKnownFileType = sourcecode.swift; path = Store.swift; sourceTree = "<group>"; };
		3B878C1B29AE4CC000846742 /* StoreMoveMapButton.swift */ = {isa = PBXFileReference; lastKnownFileType = sourcecode.swift; path = StoreMoveMapButton.swift; sourceTree = "<group>"; };
		5A67059F7B17EEAC59200731 /* Pods_allin.framework */ = {isa = PBXFileReference; explicitFileType = wrapper.framework; includeInIndex = 0; path = Pods_allin.framework; sourceTree = BUILT_PRODUCTS_DIR; };
		831602C99178572D30E71C84 /* Pods-allin.debug.xcconfig */ = {isa = PBXFileReference; includeInIndex = 1; lastKnownFileType = text.xcconfig; name = "Pods-allin.debug.xcconfig"; path = "Target Support Files/Pods-allin/Pods-allin.debug.xcconfig"; sourceTree = "<group>"; };
		A05396CF68DEFBA21971A12A /* Pods_allinW_Watch_App.framework */ = {isa = PBXFileReference; explicitFileType = wrapper.framework; includeInIndex = 0; path = Pods_allinW_Watch_App.framework; sourceTree = BUILT_PRODUCTS_DIR; };
		E6772CE714FC4CBE3127B043 /* Pods-allin.release.xcconfig */ = {isa = PBXFileReference; includeInIndex = 1; lastKnownFileType = text.xcconfig; name = "Pods-allin.release.xcconfig"; path = "Target Support Files/Pods-allin/Pods-allin.release.xcconfig"; sourceTree = "<group>"; };
/* End PBXFileReference section */

/* Begin PBXFrameworksBuildPhase section */
		3B3F61F82A1862DB00576093 /* Frameworks */ = {
			isa = PBXFrameworksBuildPhase;
			buildActionMask = 2147483647;
			files = (
			);
			runOnlyForDeploymentPostprocessing = 0;
		};
		3B57A56129A838F9000C110A /* Frameworks */ = {
			isa = PBXFrameworksBuildPhase;
			buildActionMask = 2147483647;
			files = (
				4B98588B22FE17378781C7FE /* Pods_allin.framework in Frameworks */,
			);
			runOnlyForDeploymentPostprocessing = 0;
		};
/* End PBXFrameworksBuildPhase section */

/* Begin PBXGroup section */
		3B32C5AE29CDB767009D336F /* Common */ = {
			isa = PBXGroup;
			children = (
				3B32C5AC29CDB292009D336F /* Error.swift */,
				3B32C5AF29CDB794009D336F /* Verify.swift */,
			);
			path = Common;
			sourceTree = "<group>";
		};
		3B3F61CF2A1325E000576093 /* Service */ = {
			isa = PBXGroup;
			children = (
				3B3F61D02A1325F200576093 /* PersistenceController.swift */,
			);
			path = Service;
			sourceTree = "<group>";
		};
		3B3F61F62A14C54900576093 /* CoreData */ = {
			isa = PBXGroup;
			children = (
				3B3F61F22A14C08E00576093 /* WinNumber+CoreDataClass.swift */,
				3B3F61F32A14C08E00576093 /* WinNumber+CoreDataProperties.swift */,
				3B3F61E92A14644800576093 /* Model.xcdatamodeld */,
			);
			path = CoreData;
			sourceTree = "<group>";
		};
		3B3F61FC2A1862DB00576093 /* allinTests */ = {
			isa = PBXGroup;
			children = (
				3B3F61FD2A1862DB00576093 /* allinTests.swift */,
			);
			path = allinTests;
			sourceTree = "<group>";
		};
		3B4543A929BAC39D00637D1E /* Frameworks */ = {
			isa = PBXGroup;
			children = (
				5A67059F7B17EEAC59200731 /* Pods_allin.framework */,
				A05396CF68DEFBA21971A12A /* Pods_allinW_Watch_App.framework */,
			);
			name = Frameworks;
			sourceTree = "<group>";
		};
		3B57A55B29A838F9000C110A = {
			isa = PBXGroup;
			children = (
				3B32C5B229CDBF94009D336F /* README.md */,
				3B57A56629A838F9000C110A /* allin */,
				3B3F61FC2A1862DB00576093 /* allinTests */,
				3B57A56529A838F9000C110A /* Products */,
				3B4543A929BAC39D00637D1E /* Frameworks */,
				492921848D57A2DD4D466FBA /* Pods */,
			);
			sourceTree = "<group>";
		};
		3B57A56529A838F9000C110A /* Products */ = {
			isa = PBXGroup;
			children = (
				3B57A56429A838F9000C110A /* allin.app */,
				3B3F61FB2A1862DB00576093 /* allinTests.xctest */,
			);
			name = Products;
			sourceTree = "<group>";
		};
		3B57A56629A838F9000C110A /* allin */ = {
			isa = PBXGroup;
			children = (
				3B57A56B29A838FA000C110A /* Assets.xcassets */,
				3B57A59829A83EB4000C110A /* Info.plist */,
				3B57A56729A838F9000C110A /* allinApp.swift */,
				3B57A56929A838F9000C110A /* ContentView.swift */,
				3B7A5F912A0D2EA6005EF556 /* Launch Screen.storyboard */,
				3B3F61CF2A1325E000576093 /* Service */,
				3B32C5AE29CDB767009D336F /* Common */,
				3B57A58C29A83994000C110A /* Model */,
				3B57A58829A83973000C110A /* ViewModel */,
				3B57A58729A8396B000C110A /* View */,
				3B57A56D29A838FA000C110A /* Preview Content */,
			);
			path = allin;
			sourceTree = "<group>";
		};
		3B57A56D29A838FA000C110A /* Preview Content */ = {
			isa = PBXGroup;
			children = (
				3B57A56E29A838FA000C110A /* Preview Assets.xcassets */,
			);
			path = "Preview Content";
			sourceTree = "<group>";
		};
		3B57A58729A8396B000C110A /* View */ = {
			isa = PBXGroup;
			children = (
				3B57A5B729AB4465000C110A /* StoreView */,
				3B57A5B329AA50A8000C110A /* RecommendView */,
			);
			path = View;
			sourceTree = "<group>";
		};
		3B57A58829A83973000C110A /* ViewModel */ = {
			isa = PBXGroup;
			children = (
				3B57A58929A83987000C110A /* RecommendViewModel.swift */,
				3B57A5C129ACA1F1000C110A /* StoreViewModel.swift */,
			);
			path = ViewModel;
			sourceTree = "<group>";
		};
		3B57A58C29A83994000C110A /* Model */ = {
			isa = PBXGroup;
			children = (
				3B3F61F62A14C54900576093 /* CoreData */,
				3B57A5C329ACCCF4000C110A /* Plist.swift */,
				3B878C1929AE30FC00846742 /* Store.swift */,
				3B3F61E02A13661800576093 /* Lottery.swift */,
			);
			path = Model;
			sourceTree = "<group>";
		};
		3B57A5B329AA50A8000C110A /* RecommendView */ = {
			isa = PBXGroup;
			children = (
				3B3F61CA2A10DDF800576093 /* RecommendShuffleView.swift */,
				3B57A59C29A8DAC7000C110A /* RecommendButtonView.swift */,
				3B57A5B429AA50DB000C110A /* RecommendView.swift */,
			);
			path = RecommendView;
			sourceTree = "<group>";
		};
		3B57A5B729AB4465000C110A /* StoreView */ = {
			isa = PBXGroup;
			children = (
				3B57A5B829AB447E000C110A /* StoreView.swift */,
				3B57A5BF29AB7A1E000C110A /* StoreMapView.swift */,
				3B878C1B29AE4CC000846742 /* StoreMoveMapButton.swift */,
				3B32C5A629CD9AA8009D336F /* StoreLocationSettingButton.swift */,
			);
			path = StoreView;
			sourceTree = "<group>";
		};
		492921848D57A2DD4D466FBA /* Pods */ = {
			isa = PBXGroup;
			children = (
				831602C99178572D30E71C84 /* Pods-allin.debug.xcconfig */,
				E6772CE714FC4CBE3127B043 /* Pods-allin.release.xcconfig */,
			);
			path = Pods;
			sourceTree = "<group>";
		};
/* End PBXGroup section */

/* Begin PBXNativeTarget section */
		3B3F61FA2A1862DB00576093 /* allinTests */ = {
			isa = PBXNativeTarget;
			buildConfigurationList = 3B3F62032A1862DB00576093 /* Build configuration list for PBXNativeTarget "allinTests" */;
			buildPhases = (
				3B3F61F72A1862DB00576093 /* Sources */,
				3B3F61F82A1862DB00576093 /* Frameworks */,
				3B3F61F92A1862DB00576093 /* Resources */,
			);
			buildRules = (
			);
			dependencies = (
				3B3F62002A1862DB00576093 /* PBXTargetDependency */,
			);
			name = allinTests;
			productName = allinTests;
			productReference = 3B3F61FB2A1862DB00576093 /* allinTests.xctest */;
			productType = "com.apple.product-type.bundle.unit-test";
		};
		3B57A56329A838F9000C110A /* allin */ = {
			isa = PBXNativeTarget;
			buildConfigurationList = 3B57A57229A838FA000C110A /* Build configuration list for PBXNativeTarget "allin" */;
			buildPhases = (
				25C01E1586119F2BCE93E24D /* [CP] Check Pods Manifest.lock */,
				3B57A56029A838F9000C110A /* Sources */,
				3B57A56129A838F9000C110A /* Frameworks */,
				3B57A56229A838F9000C110A /* Resources */,
				3B4543AD29BAC39D00637D1E /* Embed Watch Content */,
				F108CA954A7F78057380054A /* [CP] Embed Pods Frameworks */,
			);
			buildRules = (
			);
			dependencies = (
			);
			name = allin;
			packageProductDependencies = (
			);
			productName = allin;
			productReference = 3B57A56429A838F9000C110A /* allin.app */;
			productType = "com.apple.product-type.application";
		};
/* End PBXNativeTarget section */

/* Begin PBXProject section */
		3B57A55C29A838F9000C110A /* Project object */ = {
			isa = PBXProject;
			attributes = {
				BuildIndependentTargetsInParallel = 1;
				LastSwiftUpdateCheck = 1430;
				LastUpgradeCheck = 1420;
				TargetAttributes = {
					3B3F61FA2A1862DB00576093 = {
						CreatedOnToolsVersion = 14.3;
						TestTargetID = 3B57A56329A838F9000C110A;
					};
					3B57A56329A838F9000C110A = {
						CreatedOnToolsVersion = 14.2;
					};
				};
			};
			buildConfigurationList = 3B57A55F29A838F9000C110A /* Build configuration list for PBXProject "allin" */;
			compatibilityVersion = "Xcode 14.0";
			developmentRegion = en;
			hasScannedForEncodings = 0;
			knownRegions = (
				en,
				Base,
			);
			mainGroup = 3B57A55B29A838F9000C110A;
			packageReferences = (
			);
			productRefGroup = 3B57A56529A838F9000C110A /* Products */;
			projectDirPath = "";
			projectRoot = "";
			targets = (
				3B57A56329A838F9000C110A /* allin */,
				3B3F61FA2A1862DB00576093 /* allinTests */,
			);
		};
/* End PBXProject section */

/* Begin PBXResourcesBuildPhase section */
		3B3F61F92A1862DB00576093 /* Resources */ = {
			isa = PBXResourcesBuildPhase;
			buildActionMask = 2147483647;
			files = (
			);
			runOnlyForDeploymentPostprocessing = 0;
		};
		3B57A56229A838F9000C110A /* Resources */ = {
			isa = PBXResourcesBuildPhase;
			buildActionMask = 2147483647;
			files = (
				3B32C5B329CDBF94009D336F /* README.md in Resources */,
				3B57A56F29A838FA000C110A /* Preview Assets.xcassets in Resources */,
				3B7A5F922A0D2EA6005EF556 /* Launch Screen.storyboard in Resources */,
				3B57A56C29A838FA000C110A /* Assets.xcassets in Resources */,
			);
			runOnlyForDeploymentPostprocessing = 0;
		};
/* End PBXResourcesBuildPhase section */

/* Begin PBXShellScriptBuildPhase section */
		25C01E1586119F2BCE93E24D /* [CP] Check Pods Manifest.lock */ = {
			isa = PBXShellScriptBuildPhase;
			buildActionMask = 2147483647;
			files = (
			);
			inputFileListPaths = (
			);
			inputPaths = (
				"${PODS_PODFILE_DIR_PATH}/Podfile.lock",
				"${PODS_ROOT}/Manifest.lock",
			);
			name = "[CP] Check Pods Manifest.lock";
			outputFileListPaths = (
			);
			outputPaths = (
				"$(DERIVED_FILE_DIR)/Pods-allin-checkManifestLockResult.txt",
			);
			runOnlyForDeploymentPostprocessing = 0;
			shellPath = /bin/sh;
			shellScript = "diff \"${PODS_PODFILE_DIR_PATH}/Podfile.lock\" \"${PODS_ROOT}/Manifest.lock\" > /dev/null\nif [ $? != 0 ] ; then\n    # print error to STDERR\n    echo \"error: The sandbox is not in sync with the Podfile.lock. Run 'pod install' or update your CocoaPods installation.\" >&2\n    exit 1\nfi\n# This output is used by Xcode 'outputs' to avoid re-running this script phase.\necho \"SUCCESS\" > \"${SCRIPT_OUTPUT_FILE_0}\"\n";
			showEnvVarsInLog = 0;
		};
		F108CA954A7F78057380054A /* [CP] Embed Pods Frameworks */ = {
			isa = PBXShellScriptBuildPhase;
			buildActionMask = 2147483647;
			files = (
			);
			inputFileListPaths = (
				"${PODS_ROOT}/Target Support Files/Pods-allin/Pods-allin-frameworks-${CONFIGURATION}-input-files.xcfilelist",
			);
			name = "[CP] Embed Pods Frameworks";
			outputFileListPaths = (
				"${PODS_ROOT}/Target Support Files/Pods-allin/Pods-allin-frameworks-${CONFIGURATION}-output-files.xcfilelist",
			);
			runOnlyForDeploymentPostprocessing = 0;
			shellPath = /bin/sh;
			shellScript = "\"${PODS_ROOT}/Target Support Files/Pods-allin/Pods-allin-frameworks.sh\"\n";
			showEnvVarsInLog = 0;
		};
/* End PBXShellScriptBuildPhase section */

/* Begin PBXSourcesBuildPhase section */
		3B3F61F72A1862DB00576093 /* Sources */ = {
			isa = PBXSourcesBuildPhase;
			buildActionMask = 2147483647;
			files = (
				3B3F61FE2A1862DB00576093 /* allinTests.swift in Sources */,
			);
			runOnlyForDeploymentPostprocessing = 0;
		};
		3B57A56029A838F9000C110A /* Sources */ = {
			isa = PBXSourcesBuildPhase;
			buildActionMask = 2147483647;
			files = (
				3B32C5AD29CDB292009D336F /* Error.swift in Sources */,
				3B3F61F42A14C08E00576093 /* WinNumber+CoreDataClass.swift in Sources */,
				3B57A5C029AB7A1E000C110A /* StoreMapView.swift in Sources */,
				3B3F61E12A13661800576093 /* Lottery.swift in Sources */,
				3B32C5A729CD9AA8009D336F /* StoreLocationSettingButton.swift in Sources */,
				3B3F61D12A1325F200576093 /* PersistenceController.swift in Sources */,
				3B57A56A29A838F9000C110A /* ContentView.swift in Sources */,
				3B57A5B529AA50DB000C110A /* RecommendView.swift in Sources */,
				3B57A58A29A83987000C110A /* RecommendViewModel.swift in Sources */,
				3B3F61EB2A14644800576093 /* Model.xcdatamodeld in Sources */,
				3B3F61F52A14C08F00576093 /* WinNumber+CoreDataProperties.swift in Sources */,
				3B878C1C29AE4CC000846742 /* StoreMoveMapButton.swift in Sources */,
				3B57A5C429ACCCF4000C110A /* Plist.swift in Sources */,
				3B57A56829A838F9000C110A /* allinApp.swift in Sources */,
				3B32C5B029CDB794009D336F /* Verify.swift in Sources */,
				3B878C1A29AE30FC00846742 /* Store.swift in Sources */,
				3B3F61CB2A10DDF800576093 /* RecommendShuffleView.swift in Sources */,
				3B57A5B929AB447E000C110A /* StoreView.swift in Sources */,
				3B57A5C229ACA1F1000C110A /* StoreViewModel.swift in Sources */,
				3B57A59D29A8DAC7000C110A /* RecommendButtonView.swift in Sources */,
			);
			runOnlyForDeploymentPostprocessing = 0;
		};
/* End PBXSourcesBuildPhase section */

/* Begin PBXTargetDependency section */
		3B3F62002A1862DB00576093 /* PBXTargetDependency */ = {
			isa = PBXTargetDependency;
			target = 3B57A56329A838F9000C110A /* allin */;
			targetProxy = 3B3F61FF2A1862DB00576093 /* PBXContainerItemProxy */;
		};
/* End PBXTargetDependency section */

/* Begin XCBuildConfiguration section */
		3B3F62012A1862DB00576093 /* Debug */ = {
			isa = XCBuildConfiguration;
			buildSettings = {
				BUNDLE_LOADER = "$(TEST_HOST)";
				CODE_SIGN_STYLE = Automatic;
				CURRENT_PROJECT_VERSION = 1;
				DEVELOPMENT_TEAM = 77295VQTPM;
				GENERATE_INFOPLIST_FILE = YES;
				IPHONEOS_DEPLOYMENT_TARGET = 16.4;
				MACOSX_DEPLOYMENT_TARGET = 13.3;
				MARKETING_VERSION = 1.0;
				PRODUCT_BUNDLE_IDENTIFIER = kim.allinTests;
				PRODUCT_NAME = "$(TARGET_NAME)";
				SDKROOT = auto;
				SUPPORTED_PLATFORMS = "iphoneos iphonesimulator macosx";
				SWIFT_EMIT_LOC_STRINGS = NO;
				SWIFT_VERSION = 5.0;
				TARGETED_DEVICE_FAMILY = "1,2";
				TEST_HOST = "$(BUILT_PRODUCTS_DIR)/allin.app/$(BUNDLE_EXECUTABLE_FOLDER_PATH)/allin";
			};
			name = Debug;
		};
		3B3F62022A1862DB00576093 /* Release */ = {
			isa = XCBuildConfiguration;
			buildSettings = {
				BUNDLE_LOADER = "$(TEST_HOST)";
				CODE_SIGN_STYLE = Automatic;
				CURRENT_PROJECT_VERSION = 1;
				DEVELOPMENT_TEAM = 77295VQTPM;
				GENERATE_INFOPLIST_FILE = YES;
				IPHONEOS_DEPLOYMENT_TARGET = 16.4;
				MACOSX_DEPLOYMENT_TARGET = 13.3;
				MARKETING_VERSION = 1.0;
				PRODUCT_BUNDLE_IDENTIFIER = kim.allinTests;
				PRODUCT_NAME = "$(TARGET_NAME)";
				SDKROOT = auto;
				SUPPORTED_PLATFORMS = "iphoneos iphonesimulator macosx";
				SWIFT_EMIT_LOC_STRINGS = NO;
				SWIFT_VERSION = 5.0;
				TARGETED_DEVICE_FAMILY = "1,2";
				TEST_HOST = "$(BUILT_PRODUCTS_DIR)/allin.app/$(BUNDLE_EXECUTABLE_FOLDER_PATH)/allin";
			};
			name = Release;
		};
		3B57A57029A838FA000C110A /* Debug */ = {
			isa = XCBuildConfiguration;
			buildSettings = {
				ALWAYS_SEARCH_USER_PATHS = NO;
				CLANG_ANALYZER_NONNULL = YES;
				CLANG_ANALYZER_NUMBER_OBJECT_CONVERSION = YES_AGGRESSIVE;
				CLANG_CXX_LANGUAGE_STANDARD = "gnu++20";
				CLANG_ENABLE_MODULES = YES;
				CLANG_ENABLE_OBJC_ARC = YES;
				CLANG_ENABLE_OBJC_WEAK = YES;
				CLANG_WARN_BLOCK_CAPTURE_AUTORELEASING = YES;
				CLANG_WARN_BOOL_CONVERSION = YES;
				CLANG_WARN_COMMA = YES;
				CLANG_WARN_CONSTANT_CONVERSION = YES;
				CLANG_WARN_DEPRECATED_OBJC_IMPLEMENTATIONS = YES;
				CLANG_WARN_DIRECT_OBJC_ISA_USAGE = YES_ERROR;
				CLANG_WARN_DOCUMENTATION_COMMENTS = YES;
				CLANG_WARN_EMPTY_BODY = YES;
				CLANG_WARN_ENUM_CONVERSION = YES;
				CLANG_WARN_INFINITE_RECURSION = YES;
				CLANG_WARN_INT_CONVERSION = YES;
				CLANG_WARN_NON_LITERAL_NULL_CONVERSION = YES;
				CLANG_WARN_OBJC_IMPLICIT_RETAIN_SELF = YES;
				CLANG_WARN_OBJC_LITERAL_CONVERSION = YES;
				CLANG_WARN_OBJC_ROOT_CLASS = YES_ERROR;
				CLANG_WARN_QUOTED_INCLUDE_IN_FRAMEWORK_HEADER = YES;
				CLANG_WARN_RANGE_LOOP_ANALYSIS = YES;
				CLANG_WARN_STRICT_PROTOTYPES = YES;
				CLANG_WARN_SUSPICIOUS_MOVE = YES;
				CLANG_WARN_UNGUARDED_AVAILABILITY = YES_AGGRESSIVE;
				CLANG_WARN_UNREACHABLE_CODE = YES;
				CLANG_WARN__DUPLICATE_METHOD_MATCH = YES;
				COPY_PHASE_STRIP = NO;
				DEBUG_INFORMATION_FORMAT = dwarf;
				ENABLE_STRICT_OBJC_MSGSEND = YES;
				ENABLE_TESTABILITY = YES;
				GCC_C_LANGUAGE_STANDARD = gnu11;
				GCC_DYNAMIC_NO_PIC = NO;
				GCC_NO_COMMON_BLOCKS = YES;
				GCC_OPTIMIZATION_LEVEL = 0;
				GCC_PREPROCESSOR_DEFINITIONS = (
					"DEBUG=1",
					"$(inherited)",
				);
				GCC_WARN_64_TO_32_BIT_CONVERSION = YES;
				GCC_WARN_ABOUT_RETURN_TYPE = YES_ERROR;
				GCC_WARN_UNDECLARED_SELECTOR = YES;
				GCC_WARN_UNINITIALIZED_AUTOS = YES_AGGRESSIVE;
				GCC_WARN_UNUSED_FUNCTION = YES;
				GCC_WARN_UNUSED_VARIABLE = YES;
				MTL_ENABLE_DEBUG_INFO = INCLUDE_SOURCE;
				MTL_FAST_MATH = YES;
				ONLY_ACTIVE_ARCH = YES;
				SDKROOT = iphoneos;
				SWIFT_ACTIVE_COMPILATION_CONDITIONS = DEBUG;
				SWIFT_OPTIMIZATION_LEVEL = "-Onone";
			};
			name = Debug;
		};
		3B57A57129A838FA000C110A /* Release */ = {
			isa = XCBuildConfiguration;
			buildSettings = {
				ALWAYS_SEARCH_USER_PATHS = NO;
				CLANG_ANALYZER_NONNULL = YES;
				CLANG_ANALYZER_NUMBER_OBJECT_CONVERSION = YES_AGGRESSIVE;
				CLANG_CXX_LANGUAGE_STANDARD = "gnu++20";
				CLANG_ENABLE_MODULES = YES;
				CLANG_ENABLE_OBJC_ARC = YES;
				CLANG_ENABLE_OBJC_WEAK = YES;
				CLANG_WARN_BLOCK_CAPTURE_AUTORELEASING = YES;
				CLANG_WARN_BOOL_CONVERSION = YES;
				CLANG_WARN_COMMA = YES;
				CLANG_WARN_CONSTANT_CONVERSION = YES;
				CLANG_WARN_DEPRECATED_OBJC_IMPLEMENTATIONS = YES;
				CLANG_WARN_DIRECT_OBJC_ISA_USAGE = YES_ERROR;
				CLANG_WARN_DOCUMENTATION_COMMENTS = YES;
				CLANG_WARN_EMPTY_BODY = YES;
				CLANG_WARN_ENUM_CONVERSION = YES;
				CLANG_WARN_INFINITE_RECURSION = YES;
				CLANG_WARN_INT_CONVERSION = YES;
				CLANG_WARN_NON_LITERAL_NULL_CONVERSION = YES;
				CLANG_WARN_OBJC_IMPLICIT_RETAIN_SELF = YES;
				CLANG_WARN_OBJC_LITERAL_CONVERSION = YES;
				CLANG_WARN_OBJC_ROOT_CLASS = YES_ERROR;
				CLANG_WARN_QUOTED_INCLUDE_IN_FRAMEWORK_HEADER = YES;
				CLANG_WARN_RANGE_LOOP_ANALYSIS = YES;
				CLANG_WARN_STRICT_PROTOTYPES = YES;
				CLANG_WARN_SUSPICIOUS_MOVE = YES;
				CLANG_WARN_UNGUARDED_AVAILABILITY = YES_AGGRESSIVE;
				CLANG_WARN_UNREACHABLE_CODE = YES;
				CLANG_WARN__DUPLICATE_METHOD_MATCH = YES;
				COPY_PHASE_STRIP = NO;
				DEBUG_INFORMATION_FORMAT = "dwarf-with-dsym";
				ENABLE_NS_ASSERTIONS = NO;
				ENABLE_STRICT_OBJC_MSGSEND = YES;
				GCC_C_LANGUAGE_STANDARD = gnu11;
				GCC_NO_COMMON_BLOCKS = YES;
				GCC_WARN_64_TO_32_BIT_CONVERSION = YES;
				GCC_WARN_ABOUT_RETURN_TYPE = YES_ERROR;
				GCC_WARN_UNDECLARED_SELECTOR = YES;
				GCC_WARN_UNINITIALIZED_AUTOS = YES_AGGRESSIVE;
				GCC_WARN_UNUSED_FUNCTION = YES;
				GCC_WARN_UNUSED_VARIABLE = YES;
				MTL_ENABLE_DEBUG_INFO = NO;
				MTL_FAST_MATH = YES;
				SDKROOT = iphoneos;
				SWIFT_COMPILATION_MODE = wholemodule;
				SWIFT_OPTIMIZATION_LEVEL = "-O";
				VALIDATE_PRODUCT = YES;
			};
			name = Release;
		};
		3B57A57329A838FA000C110A /* Debug */ = {
			isa = XCBuildConfiguration;
			baseConfigurationReference = 831602C99178572D30E71C84 /* Pods-allin.debug.xcconfig */;
			buildSettings = {
				ASSETCATALOG_COMPILER_APPICON_NAME = AppIcon;
				CODE_SIGN_IDENTITY = "Apple Development";
				CODE_SIGN_STYLE = Automatic;
				CURRENT_PROJECT_VERSION = 1;
				DEVELOPMENT_ASSET_PATHS = "\"allin/Preview Content\"";
				DEVELOPMENT_TEAM = 77295VQTPM;
				ENABLE_PREVIEWS = YES;
				GENERATE_INFOPLIST_FILE = YES;
				INFOPLIST_FILE = allin/Info.plist;
				INFOPLIST_KEY_NSLocationWhenInUseUsageDescription = "사용자의 위치로 주변 판매점을 확인하기 위해 필요합니다.";
				INFOPLIST_KEY_UIApplicationSceneManifest_Generation = YES;
				INFOPLIST_KEY_UIApplicationSupportsIndirectInputEvents = YES;
				INFOPLIST_KEY_UILaunchStoryboardName = "Launch Screen.storyboard";
				INFOPLIST_KEY_UISupportedInterfaceOrientations_iPad = "UIInterfaceOrientationPortrait UIInterfaceOrientationPortraitUpsideDown UIInterfaceOrientationLandscapeLeft UIInterfaceOrientationLandscapeRight";
				INFOPLIST_KEY_UISupportedInterfaceOrientations_iPhone = "UIInterfaceOrientationPortrait UIInterfaceOrientationLandscapeLeft UIInterfaceOrientationLandscapeRight";
				IPHONEOS_DEPLOYMENT_TARGET = 15.0;
				LD_RUNPATH_SEARCH_PATHS = (
					"$(inherited)",
					"@executable_path/Frameworks",
				);
				MARKETING_VERSION = 1.0.4;
				PRODUCT_BUNDLE_IDENTIFIER = com.kim.allin;
				PRODUCT_NAME = "$(TARGET_NAME)";
				PROVISIONING_PROFILE_SPECIFIER = "";
				SUPPORTED_PLATFORMS = "iphoneos iphonesimulator";
				SUPPORTS_MACCATALYST = NO;
				SUPPORTS_MAC_DESIGNED_FOR_IPHONE_IPAD = NO;
				SWIFT_EMIT_LOC_STRINGS = YES;
				SWIFT_VERSION = 5.0;
				TARGETED_DEVICE_FAMILY = 1;
				WATCHOS_DEPLOYMENT_TARGET = 8.0;
			};
			name = Debug;
		};
		3B57A57429A838FA000C110A /* Release */ = {
			isa = XCBuildConfiguration;
			baseConfigurationReference = E6772CE714FC4CBE3127B043 /* Pods-allin.release.xcconfig */;
			buildSettings = {
				ASSETCATALOG_COMPILER_APPICON_NAME = AppIcon;
				CODE_SIGN_IDENTITY = "Apple Development";
				CODE_SIGN_STYLE = Automatic;
				CURRENT_PROJECT_VERSION = 1;
				DEVELOPMENT_ASSET_PATHS = "\"allin/Preview Content\"";
				DEVELOPMENT_TEAM = 77295VQTPM;
				ENABLE_PREVIEWS = YES;
				GENERATE_INFOPLIST_FILE = YES;
				INFOPLIST_FILE = allin/Info.plist;
				INFOPLIST_KEY_NSLocationWhenInUseUsageDescription = "사용자의 위치로 주변 판매점을 확인하기 위해 필요합니다.";
				INFOPLIST_KEY_UIApplicationSceneManifest_Generation = YES;
				INFOPLIST_KEY_UIApplicationSupportsIndirectInputEvents = YES;
				INFOPLIST_KEY_UILaunchStoryboardName = "Launch Screen.storyboard";
				INFOPLIST_KEY_UISupportedInterfaceOrientations_iPad = "UIInterfaceOrientationPortrait UIInterfaceOrientationPortraitUpsideDown UIInterfaceOrientationLandscapeLeft UIInterfaceOrientationLandscapeRight";
				INFOPLIST_KEY_UISupportedInterfaceOrientations_iPhone = "UIInterfaceOrientationPortrait UIInterfaceOrientationLandscapeLeft UIInterfaceOrientationLandscapeRight";
				IPHONEOS_DEPLOYMENT_TARGET = 15.0;
				LD_RUNPATH_SEARCH_PATHS = (
					"$(inherited)",
					"@executable_path/Frameworks",
				);
				MARKETING_VERSION = 1.0.4;
				PRODUCT_BUNDLE_IDENTIFIER = com.kim.allin;
				PRODUCT_NAME = "$(TARGET_NAME)";
				PROVISIONING_PROFILE_SPECIFIER = "";
				SUPPORTED_PLATFORMS = "iphoneos iphonesimulator";
				SUPPORTS_MACCATALYST = NO;
				SUPPORTS_MAC_DESIGNED_FOR_IPHONE_IPAD = NO;
				SWIFT_EMIT_LOC_STRINGS = YES;
				SWIFT_VERSION = 5.0;
				TARGETED_DEVICE_FAMILY = 1;
				WATCHOS_DEPLOYMENT_TARGET = 8.0;
			};
			name = Release;
		};
/* End XCBuildConfiguration section */

/* Begin XCConfigurationList section */
		3B3F62032A1862DB00576093 /* Build configuration list for PBXNativeTarget "allinTests" */ = {
			isa = XCConfigurationList;
			buildConfigurations = (
				3B3F62012A1862DB00576093 /* Debug */,
				3B3F62022A1862DB00576093 /* Release */,
			);
			defaultConfigurationIsVisible = 0;
			defaultConfigurationName = Release;
		};
		3B57A55F29A838F9000C110A /* Build configuration list for PBXProject "allin" */ = {
			isa = XCConfigurationList;
			buildConfigurations = (
				3B57A57029A838FA000C110A /* Debug */,
				3B57A57129A838FA000C110A /* Release */,
			);
			defaultConfigurationIsVisible = 0;
			defaultConfigurationName = Release;
		};
		3B57A57229A838FA000C110A /* Build configuration list for PBXNativeTarget "allin" */ = {
			isa = XCConfigurationList;
			buildConfigurations = (
				3B57A57329A838FA000C110A /* Debug */,
				3B57A57429A838FA000C110A /* Release */,
			);
			defaultConfigurationIsVisible = 0;
			defaultConfigurationName = Release;
		};
/* End XCConfigurationList section */

/* Begin XCVersionGroup section */
		3B3F61E92A14644800576093 /* Model.xcdatamodeld */ = {
			isa = XCVersionGroup;
			children = (
				3B3F61EA2A14644800576093 /* Model.xcdatamodel */,
			);
			currentVersion = 3B3F61EA2A14644800576093 /* Model.xcdatamodel */;
			path = Model.xcdatamodeld;
			sourceTree = "<group>";
			versionGroupType = wrapper.xcdatamodel;
		};
/* End XCVersionGroup section */
	};
	rootObject = 3B57A55C29A838F9000C110A /* Project object */;
}
